
Microsoft Visual Studio Solution File, Format Version 9.00
# Visual Studio 2005
Project("{8BC9CEB8-8B4A-11D0-8D11-00A0C91BC942}") = "CyberLink", "CyberLink.vcproj", "{CAAA75D9-77E0-46CB-B5A8-666A65EAC8E0}"
EndProject
Global
	GlobalSection(SolutionConfigurationPlatforms) = preSolution
		Debug|Win32 = Debug|Win32
		Release|Win32 = Release|Win32
	EndGlobalSection
	GlobalSection(ProjectConfigurationPlatforms) = postSolution
		{CAAA75D9-77E0-46CB-B5A8-666A65EAC8E0}.Debug|Win32.ActiveCfg = Debug|Win32
		{CAAA75D9-77E0-46CB-B5A8-666A65EAC8E0}.Debug|Win32.Build.0 = Debug|Win32
		{CAAA75D9-77E0-46CB-B5A8-666A65EAC8E0}.Release|Win32.ActiveCfg = Release|Win32
		{CAAA75D9-77E0-46CB-B5A8-666A65EAC8E0}.Release|Win32.Build.0 = Release|Win32
	EndGlobalSection
	GlobalSection(SolutionProperties) = preSolution
		HideSolutionNode = FALSE
	EndGlobalSection
EndGlobal
