// !$*UTF8*$!
{
	archiveVersion = 1;
	classes = {
	};
	objectVersion = 46;
	objects = {

/* Begin PBXBuildFile section */
		2184A858155C7A0600D1E138 /* SOAP.h in Headers */ = {isa = PBXBuildFile; fileRef = 2184A76C155C7A0600D1E138 /* SOAP.h */; };
		2184A859155C7A0600D1E138 /* SOAPRequest.h in Headers */ = {isa = PBXBuildFile; fileRef = 2184A76D155C7A0600D1E138 /* SOAPRequest.h */; };
		2184A85A155C7A0600D1E138 /* SOAPResponse.h in Headers */ = {isa = PBXBuildFile; fileRef = 2184A76E155C7A0600D1E138 /* SOAPResponse.h */; };
		2184A85D155C7A0600D1E138 /* Action.h in Headers */ = {isa = PBXBuildFile; fileRef = 2184A773155C7A0600D1E138 /* Action.h */; };
		2184A85E155C7A0600D1E138 /* ActionList.h in Headers */ = {isa = PBXBuildFile; fileRef = 2184A774155C7A0600D1E138 /* ActionList.h */; };
		2184A85F155C7A0600D1E138 /* AllowedValue.h in Headers */ = {isa = PBXBuildFile; fileRef = 2184A775155C7A0600D1E138 /* AllowedValue.h */; };
		2184A860155C7A0600D1E138 /* AllowedValueList.h in Headers */ = {isa = PBXBuildFile; fileRef = 2184A776155C7A0600D1E138 /* AllowedValueList.h */; };
		2184A861155C7A0600D1E138 /* AllowedValueRange.h in Headers */ = {isa = PBXBuildFile; fileRef = 2184A777155C7A0600D1E138 /* AllowedValueRange.h */; };
		2184A862155C7A0600D1E138 /* Argument.h in Headers */ = {isa = PBXBuildFile; fileRef = 2184A778155C7A0600D1E138 /* Argument.h */; };
		2184A863155C7A0600D1E138 /* ArgumentList.h in Headers */ = {isa = PBXBuildFile; fileRef = 2184A779155C7A0600D1E138 /* ArgumentList.h */; };
		2184A864155C7A0600D1E138 /* ActionListener.h in Headers */ = {isa = PBXBuildFile; fileRef = 2184A77B155C7A0600D1E138 /* ActionListener.h */; };
		2184A865155C7A0600D1E138 /* ActionRequest.h in Headers */ = {isa = PBXBuildFile; fileRef = 2184A77C155C7A0600D1E138 /* ActionRequest.h */; };
		2184A866155C7A0600D1E138 /* ActionResponse.h in Headers */ = {isa = PBXBuildFile; fileRef = 2184A77D155C7A0600D1E138 /* ActionResponse.h */; };
		2184A867155C7A0600D1E138 /* Control.h in Headers */ = {isa = PBXBuildFile; fileRef = 2184A77E155C7A0600D1E138 /* Control.h */; };
		2184A868155C7A0600D1E138 /* ControlRequest.h in Headers */ = {isa = PBXBuildFile; fileRef = 2184A77F155C7A0600D1E138 /* ControlRequest.h */; };
		2184A869155C7A0600D1E138 /* ControlResponse.h in Headers */ = {isa = PBXBuildFile; fileRef = 2184A780155C7A0600D1E138 /* ControlResponse.h */; };
		2184A86A155C7A0600D1E138 /* QueryListener.h in Headers */ = {isa = PBXBuildFile; fileRef = 2184A781155C7A0600D1E138 /* QueryListener.h */; };
		2184A86B155C7A0600D1E138 /* QueryRequest.h in Headers */ = {isa = PBXBuildFile; fileRef = 2184A782155C7A0600D1E138 /* QueryRequest.h */; };
		2184A86C155C7A0600D1E138 /* QueryResponse.h in Headers */ = {isa = PBXBuildFile; fileRef = 2184A783155C7A0600D1E138 /* QueryResponse.h */; };
		2184A86D155C7A0600D1E138 /* RenewSubscriber.h in Headers */ = {isa = PBXBuildFile; fileRef = 2184A784155C7A0600D1E138 /* RenewSubscriber.h */; };
		2184A86E155C7A0600D1E138 /* ControlPoint.h in Headers */ = {isa = PBXBuildFile; fileRef = 2184A785155C7A0600D1E138 /* ControlPoint.h */; };
		2184A86F155C7A0600D1E138 /* CyberLink.h in Headers */ = {isa = PBXBuildFile; fileRef = 2184A786155C7A0600D1E138 /* CyberLink.h */; };
		2184A870155C7A0600D1E138 /* Advertiser.h in Headers */ = {isa = PBXBuildFile; fileRef = 2184A788155C7A0600D1E138 /* Advertiser.h */; };
		2184A871155C7A0600D1E138 /* Description.h in Headers */ = {isa = PBXBuildFile; fileRef = 2184A789155C7A0600D1E138 /* Description.h */; };
		2184A872155C7A0600D1E138 /* DeviceChangeListener.h in Headers */ = {isa = PBXBuildFile; fileRef = 2184A78A155C7A0600D1E138 /* DeviceChangeListener.h */; };
		2184A873155C7A0600D1E138 /* Disposer.h in Headers */ = {isa = PBXBuildFile; fileRef = 2184A78B155C7A0600D1E138 /* Disposer.h */; };
		2184A874155C7A0600D1E138 /* InvalidDescriptionException.h in Headers */ = {isa = PBXBuildFile; fileRef = 2184A78C155C7A0600D1E138 /* InvalidDescriptionException.h */; };
		2184A875155C7A0600D1E138 /* MAN.h in Headers */ = {isa = PBXBuildFile; fileRef = 2184A78D155C7A0600D1E138 /* MAN.h */; };
		2184A876155C7A0600D1E138 /* NotifyListener.h in Headers */ = {isa = PBXBuildFile; fileRef = 2184A78E155C7A0600D1E138 /* NotifyListener.h */; };
		2184A877155C7A0600D1E138 /* NT.h in Headers */ = {isa = PBXBuildFile; fileRef = 2184A78F155C7A0600D1E138 /* NT.h */; };
		2184A878155C7A0600D1E138 /* NTS.h in Headers */ = {isa = PBXBuildFile; fileRef = 2184A790155C7A0600D1E138 /* NTS.h */; };
		2184A879155C7A0600D1E138 /* SearchListener.h in Headers */ = {isa = PBXBuildFile; fileRef = 2184A791155C7A0600D1E138 /* SearchListener.h */; };
		2184A87A155C7A0600D1E138 /* SearchResponseListener.h in Headers */ = {isa = PBXBuildFile; fileRef = 2184A792155C7A0600D1E138 /* SearchResponseListener.h */; };
		2184A87B155C7A0600D1E138 /* ST.h in Headers */ = {isa = PBXBuildFile; fileRef = 2184A793155C7A0600D1E138 /* ST.h */; };
		2184A87C155C7A0600D1E138 /* USN.h in Headers */ = {isa = PBXBuildFile; fileRef = 2184A794155C7A0600D1E138 /* USN.h */; };
		2184A87D155C7A0600D1E138 /* Device.h in Headers */ = {isa = PBXBuildFile; fileRef = 2184A795155C7A0600D1E138 /* Device.h */; };
		2184A87E155C7A0600D1E138 /* DeviceList.h in Headers */ = {isa = PBXBuildFile; fileRef = 2184A796155C7A0600D1E138 /* DeviceList.h */; };
		2184A87F155C7A0600D1E138 /* EventListener.h in Headers */ = {isa = PBXBuildFile; fileRef = 2184A798155C7A0600D1E138 /* EventListener.h */; };
		2184A880155C7A0600D1E138 /* NotifyRequest.h in Headers */ = {isa = PBXBuildFile; fileRef = 2184A799155C7A0600D1E138 /* NotifyRequest.h */; };
		2184A881155C7A0600D1E138 /* Property.h in Headers */ = {isa = PBXBuildFile; fileRef = 2184A79A155C7A0600D1E138 /* Property.h */; };
		2184A882155C7A0600D1E138 /* PropertyList.h in Headers */ = {isa = PBXBuildFile; fileRef = 2184A79B155C7A0600D1E138 /* PropertyList.h */; };
		2184A883155C7A0600D1E138 /* Subscriber.h in Headers */ = {isa = PBXBuildFile; fileRef = 2184A79C155C7A0600D1E138 /* Subscriber.h */; };
		2184A884155C7A0600D1E138 /* SubscriberList.h in Headers */ = {isa = PBXBuildFile; fileRef = 2184A79D155C7A0600D1E138 /* SubscriberList.h */; };
		2184A885155C7A0600D1E138 /* Subscription.h in Headers */ = {isa = PBXBuildFile; fileRef = 2184A79E155C7A0600D1E138 /* Subscription.h */; };
		2184A886155C7A0600D1E138 /* SubscriptionRequest.h in Headers */ = {isa = PBXBuildFile; fileRef = 2184A79F155C7A0600D1E138 /* SubscriptionRequest.h */; };
		2184A887155C7A0600D1E138 /* SubscriptionResponse.h in Headers */ = {isa = PBXBuildFile; fileRef = 2184A7A0155C7A0600D1E138 /* SubscriptionResponse.h */; };
		2184A888155C7A0600D1E138 /* Icon.h in Headers */ = {isa = PBXBuildFile; fileRef = 2184A7A1155C7A0600D1E138 /* Icon.h */; };
		2184A889155C7A0600D1E138 /* IconList.h in Headers */ = {isa = PBXBuildFile; fileRef = 2184A7A2155C7A0600D1E138 /* IconList.h */; };
		2184A8D3155C7A0600D1E138 /* MediaServer.h in Headers */ = {isa = PBXBuildFile; fileRef = 2184A800155C7A0600D1E138 /* MediaServer.h */; };
		2184A8D4155C7A0600D1E138 /* Service.h in Headers */ = {isa = PBXBuildFile; fileRef = 2184A801155C7A0600D1E138 /* Service.h */; };
		2184A8D5155C7A0600D1E138 /* ServiceList.h in Headers */ = {isa = PBXBuildFile; fileRef = 2184A802155C7A0600D1E138 /* ServiceList.h */; };
		2184A8D6155C7A0600D1E138 /* ServiceStateTable.h in Headers */ = {isa = PBXBuildFile; fileRef = 2184A803155C7A0600D1E138 /* ServiceStateTable.h */; };
		2184A8D7155C7A0600D1E138 /* HTTPMUSocket.h in Headers */ = {isa = PBXBuildFile; fileRef = 2184A805155C7A0600D1E138 /* HTTPMUSocket.h */; };
		2184A8D8155C7A0600D1E138 /* HTTPUSocket.h in Headers */ = {isa = PBXBuildFile; fileRef = 2184A806155C7A0600D1E138 /* HTTPUSocket.h */; };
		2184A8D9155C7A0600D1E138 /* SSDP.h in Headers */ = {isa = PBXBuildFile; fileRef = 2184A807155C7A0600D1E138 /* SSDP.h */; };
		2184A8DA155C7A0600D1E138 /* SSDPNotifyRequest.h in Headers */ = {isa = PBXBuildFile; fileRef = 2184A808155C7A0600D1E138 /* SSDPNotifyRequest.h */; };
		2184A8DB155C7A0600D1E138 /* SSDPNotifySocket.h in Headers */ = {isa = PBXBuildFile; fileRef = 2184A809155C7A0600D1E138 /* SSDPNotifySocket.h */; };
		2184A8DC155C7A0600D1E138 /* SSDPNotifySocketList.h in Headers */ = {isa = PBXBuildFile; fileRef = 2184A80A155C7A0600D1E138 /* SSDPNotifySocketList.h */; };
		2184A8DD155C7A0600D1E138 /* SSDPPacket.h in Headers */ = {isa = PBXBuildFile; fileRef = 2184A80B155C7A0600D1E138 /* SSDPPacket.h */; };
		2184A8DE155C7A0600D1E138 /* SSDPRequest.h in Headers */ = {isa = PBXBuildFile; fileRef = 2184A80C155C7A0600D1E138 /* SSDPRequest.h */; };
		2184A8DF155C7A0600D1E138 /* SSDPResponse.h in Headers */ = {isa = PBXBuildFile; fileRef = 2184A80D155C7A0600D1E138 /* SSDPResponse.h */; };
		2184A8E0155C7A0600D1E138 /* SSDPSearchRequest.h in Headers */ = {isa = PBXBuildFile; fileRef = 2184A80E155C7A0600D1E138 /* SSDPSearchRequest.h */; };
		2184A8E1155C7A0600D1E138 /* SSDPSearchResponse.h in Headers */ = {isa = PBXBuildFile; fileRef = 2184A80F155C7A0600D1E138 /* SSDPSearchResponse.h */; };
		2184A8E2155C7A0600D1E138 /* SSDPSearchResponseSocket.h in Headers */ = {isa = PBXBuildFile; fileRef = 2184A810155C7A0600D1E138 /* SSDPSearchResponseSocket.h */; };
		2184A8E3155C7A0600D1E138 /* SSDPSearchResponseSocketList.h in Headers */ = {isa = PBXBuildFile; fileRef = 2184A811155C7A0600D1E138 /* SSDPSearchResponseSocketList.h */; };
		2184A8E4155C7A0600D1E138 /* SSDPSearchSocket.h in Headers */ = {isa = PBXBuildFile; fileRef = 2184A812155C7A0600D1E138 /* SSDPSearchSocket.h */; };
		2184A8E5155C7A0600D1E138 /* SSDPSearchSocketList.h in Headers */ = {isa = PBXBuildFile; fileRef = 2184A813155C7A0600D1E138 /* SSDPSearchSocketList.h */; };
		2184A8E6155C7A0600D1E138 /* StateVariable.h in Headers */ = {isa = PBXBuildFile; fileRef = 2184A814155C7A0600D1E138 /* StateVariable.h */; };
		2184A8E7155C7A0600D1E138 /* UPnP.h in Headers */ = {isa = PBXBuildFile; fileRef = 2184A815155C7A0600D1E138 /* UPnP.h */; };
		2184A8E8155C7A0600D1E138 /* UPnPStatus.h in Headers */ = {isa = PBXBuildFile; fileRef = 2184A816155C7A0600D1E138 /* UPnPStatus.h */; };
		2184A8E9155C7A0600D1E138 /* ActionData.h in Headers */ = {isa = PBXBuildFile; fileRef = 2184A818155C7A0600D1E138 /* ActionData.h */; };
		2184A8EA155C7A0600D1E138 /* ArgumentData.h in Headers */ = {isa = PBXBuildFile; fileRef = 2184A819155C7A0600D1E138 /* ArgumentData.h */; };
		2184A8EB155C7A0600D1E138 /* DeviceData.h in Headers */ = {isa = PBXBuildFile; fileRef = 2184A81A155C7A0600D1E138 /* DeviceData.h */; };
		2184A8EC155C7A0600D1E138 /* ServiceData.h in Headers */ = {isa = PBXBuildFile; fileRef = 2184A81B155C7A0600D1E138 /* ServiceData.h */; };
		2184A8ED155C7A0600D1E138 /* StateVariableData.h in Headers */ = {isa = PBXBuildFile; fileRef = 2184A81C155C7A0600D1E138 /* StateVariableData.h */; };
		2184A8F8155C7A0600D1E138 /* Attribute.h in Headers */ = {isa = PBXBuildFile; fileRef = 2184A829155C7A0600D1E138 /* Attribute.h */; };
		2184A8F9155C7A0600D1E138 /* AttributeList.h in Headers */ = {isa = PBXBuildFile; fileRef = 2184A82A155C7A0600D1E138 /* AttributeList.h */; };
		2184A8FA155C7A0600D1E138 /* Node.h in Headers */ = {isa = PBXBuildFile; fileRef = 2184A82B155C7A0600D1E138 /* Node.h */; };
		2184A8FB155C7A0600D1E138 /* NodeData.h in Headers */ = {isa = PBXBuildFile; fileRef = 2184A82C155C7A0600D1E138 /* NodeData.h */; };
		2184A8FC155C7A0600D1E138 /* NodeList.h in Headers */ = {isa = PBXBuildFile; fileRef = 2184A82D155C7A0600D1E138 /* NodeList.h */; };
		2184A8FD155C7A0600D1E138 /* Parser.h in Headers */ = {isa = PBXBuildFile; fileRef = 2184A82E155C7A0600D1E138 /* Parser.h */; };
		2184A8FE155C7A0600D1E138 /* ParserException.h in Headers */ = {isa = PBXBuildFile; fileRef = 2184A82F155C7A0600D1E138 /* ParserException.h */; };
		2184A8FF155C7A0600D1E138 /* XML.h in Headers */ = {isa = PBXBuildFile; fileRef = 2184A830155C7A0600D1E138 /* XML.h */; };
		2184A9DC155C7A2800D1E138 /* SOAP.cpp in Sources */ = {isa = PBXBuildFile; fileRef = 2184A921155C7A2800D1E138 /* SOAP.cpp */; };
		2184A9DD155C7A2800D1E138 /* SOAPRequest.cpp in Sources */ = {isa = PBXBuildFile; fileRef = 2184A922155C7A2800D1E138 /* SOAPRequest.cpp */; };
		2184A9DE155C7A2800D1E138 /* SOAPResponse.cpp in Sources */ = {isa = PBXBuildFile; fileRef = 2184A923155C7A2800D1E138 /* SOAPResponse.cpp */; };
		2184A9E1155C7A2800D1E138 /* Action.cpp in Sources */ = {isa = PBXBuildFile; fileRef = 2184A928155C7A2800D1E138 /* Action.cpp */; };
		2184A9E2155C7A2800D1E138 /* ActionList.cpp in Sources */ = {isa = PBXBuildFile; fileRef = 2184A929155C7A2800D1E138 /* ActionList.cpp */; };
		2184A9E3155C7A2800D1E138 /* AllowedValue.cpp in Sources */ = {isa = PBXBuildFile; fileRef = 2184A92A155C7A2800D1E138 /* AllowedValue.cpp */; };
		2184A9E4155C7A2800D1E138 /* AllowedValueList.cpp in Sources */ = {isa = PBXBuildFile; fileRef = 2184A92B155C7A2800D1E138 /* AllowedValueList.cpp */; };
		2184A9E5155C7A2800D1E138 /* AllowedValueRange.cpp in Sources */ = {isa = PBXBuildFile; fileRef = 2184A92C155C7A2800D1E138 /* AllowedValueRange.cpp */; };
		2184A9E6155C7A2800D1E138 /* Argument.cpp in Sources */ = {isa = PBXBuildFile; fileRef = 2184A92D155C7A2800D1E138 /* Argument.cpp */; };
		2184A9E7155C7A2800D1E138 /* ArgumentList.cpp in Sources */ = {isa = PBXBuildFile; fileRef = 2184A92E155C7A2800D1E138 /* ArgumentList.cpp */; };
		2184A9E8155C7A2800D1E138 /* ActionRequest.cpp in Sources */ = {isa = PBXBuildFile; fileRef = 2184A930155C7A2800D1E138 /* ActionRequest.cpp */; };
		2184A9E9155C7A2800D1E138 /* ActionResponse.cpp in Sources */ = {isa = PBXBuildFile; fileRef = 2184A931155C7A2800D1E138 /* ActionResponse.cpp */; };
		2184A9EA155C7A2800D1E138 /* ControlRequest.cpp in Sources */ = {isa = PBXBuildFile; fileRef = 2184A932155C7A2800D1E138 /* ControlRequest.cpp */; };
		2184A9EB155C7A2800D1E138 /* ControlResponse.cpp in Sources */ = {isa = PBXBuildFile; fileRef = 2184A933155C7A2800D1E138 /* ControlResponse.cpp */; };
		2184A9EC155C7A2800D1E138 /* QueryRequest.cpp in Sources */ = {isa = PBXBuildFile; fileRef = 2184A934155C7A2800D1E138 /* QueryRequest.cpp */; };
		2184A9ED155C7A2800D1E138 /* QueryResponse.cpp in Sources */ = {isa = PBXBuildFile; fileRef = 2184A935155C7A2800D1E138 /* QueryResponse.cpp */; };
		2184A9EE155C7A2800D1E138 /* RenewSubscriber.cpp in Sources */ = {isa = PBXBuildFile; fileRef = 2184A936155C7A2800D1E138 /* RenewSubscriber.cpp */; };
		2184A9EF155C7A2800D1E138 /* ControlPoint.cpp in Sources */ = {isa = PBXBuildFile; fileRef = 2184A937155C7A2800D1E138 /* ControlPoint.cpp */; };
		2184A9F0155C7A2800D1E138 /* Advertiser.cpp in Sources */ = {isa = PBXBuildFile; fileRef = 2184A939155C7A2800D1E138 /* Advertiser.cpp */; };
		2184A9F1155C7A2800D1E138 /* Disposer.cpp in Sources */ = {isa = PBXBuildFile; fileRef = 2184A93A155C7A2800D1E138 /* Disposer.cpp */; };
		2184A9F2155C7A2800D1E138 /* MAN.cpp in Sources */ = {isa = PBXBuildFile; fileRef = 2184A93B155C7A2800D1E138 /* MAN.cpp */; };
		2184A9F3155C7A2800D1E138 /* NT.cpp in Sources */ = {isa = PBXBuildFile; fileRef = 2184A93C155C7A2800D1E138 /* NT.cpp */; };
		2184A9F4155C7A2800D1E138 /* NTS.cpp in Sources */ = {isa = PBXBuildFile; fileRef = 2184A93D155C7A2800D1E138 /* NTS.cpp */; };
		2184A9F5155C7A2800D1E138 /* ST.cpp in Sources */ = {isa = PBXBuildFile; fileRef = 2184A93E155C7A2800D1E138 /* ST.cpp */; };
		2184A9F6155C7A2800D1E138 /* USN.cpp in Sources */ = {isa = PBXBuildFile; fileRef = 2184A93F155C7A2800D1E138 /* USN.cpp */; };
		2184A9F7155C7A2800D1E138 /* Device.cpp in Sources */ = {isa = PBXBuildFile; fileRef = 2184A940155C7A2800D1E138 /* Device.cpp */; };
		2184A9F8155C7A2800D1E138 /* DeviceList.cpp in Sources */ = {isa = PBXBuildFile; fileRef = 2184A941155C7A2800D1E138 /* DeviceList.cpp */; };
		2184A9F9155C7A2800D1E138 /* NotifyRequest.cpp in Sources */ = {isa = PBXBuildFile; fileRef = 2184A943155C7A2800D1E138 /* NotifyRequest.cpp */; };
		2184A9FA155C7A2800D1E138 /* PropertyList.cpp in Sources */ = {isa = PBXBuildFile; fileRef = 2184A944155C7A2800D1E138 /* PropertyList.cpp */; };
		2184A9FB155C7A2800D1E138 /* Subscriber.cpp in Sources */ = {isa = PBXBuildFile; fileRef = 2184A945155C7A2800D1E138 /* Subscriber.cpp */; };
		2184A9FC155C7A2800D1E138 /* Subscription.cpp in Sources */ = {isa = PBXBuildFile; fileRef = 2184A946155C7A2800D1E138 /* Subscription.cpp */; };
		2184A9FD155C7A2800D1E138 /* SubscriptionRequest.cpp in Sources */ = {isa = PBXBuildFile; fileRef = 2184A947155C7A2800D1E138 /* SubscriptionRequest.cpp */; };
		2184A9FE155C7A2800D1E138 /* Icon.cpp in Sources */ = {isa = PBXBuildFile; fileRef = 2184A948155C7A2800D1E138 /* Icon.cpp */; };
		2184A9FF155C7A2800D1E138 /* IconList.cpp in Sources */ = {isa = PBXBuildFile; fileRef = 2184A949155C7A2800D1E138 /* IconList.cpp */; };
		2184AA39155C7A2800D1E138 /* Service.cpp in Sources */ = {isa = PBXBuildFile; fileRef = 2184A996155C7A2800D1E138 /* Service.cpp */; };
		2184AA3A155C7A2800D1E138 /* ServiceList.cpp in Sources */ = {isa = PBXBuildFile; fileRef = 2184A997155C7A2800D1E138 /* ServiceList.cpp */; };
		2184AA3B155C7A2800D1E138 /* ServiceStateTable.cpp in Sources */ = {isa = PBXBuildFile; fileRef = 2184A998155C7A2800D1E138 /* ServiceStateTable.cpp */; };
		2184AA3C155C7A2800D1E138 /* HTTPMUSocket.cpp in Sources */ = {isa = PBXBuildFile; fileRef = 2184A99A155C7A2800D1E138 /* HTTPMUSocket.cpp */; };
		2184AA3D155C7A2800D1E138 /* HTTPUSocket.cpp in Sources */ = {isa = PBXBuildFile; fileRef = 2184A99B155C7A2800D1E138 /* HTTPUSocket.cpp */; };
		2184AA3E155C7A2800D1E138 /* SSDP.cpp in Sources */ = {isa = PBXBuildFile; fileRef = 2184A99C155C7A2800D1E138 /* SSDP.cpp */; };
		2184AA3F155C7A2800D1E138 /* SSDPNotifySocket.cpp in Sources */ = {isa = PBXBuildFile; fileRef = 2184A99D155C7A2800D1E138 /* SSDPNotifySocket.cpp */; };
		2184AA40155C7A2800D1E138 /* SSDPNotifySocketList.cpp in Sources */ = {isa = PBXBuildFile; fileRef = 2184A99E155C7A2800D1E138 /* SSDPNotifySocketList.cpp */; };
		2184AA41155C7A2800D1E138 /* SSDPPacket.cpp in Sources */ = {isa = PBXBuildFile; fileRef = 2184A99F155C7A2800D1E138 /* SSDPPacket.cpp */; };
		2184AA42155C7A2800D1E138 /* SSDPResponse.cpp in Sources */ = {isa = PBXBuildFile; fileRef = 2184A9A0155C7A2800D1E138 /* SSDPResponse.cpp */; };
		2184AA43155C7A2800D1E138 /* SSDPSearchResponseSocket.cpp in Sources */ = {isa = PBXBuildFile; fileRef = 2184A9A1155C7A2800D1E138 /* SSDPSearchResponseSocket.cpp */; };
		2184AA44155C7A2800D1E138 /* SSDPSearchResponseSocketList.cpp in Sources */ = {isa = PBXBuildFile; fileRef = 2184A9A2155C7A2800D1E138 /* SSDPSearchResponseSocketList.cpp */; };
		2184AA45155C7A2800D1E138 /* SSDPSearchSocket.cpp in Sources */ = {isa = PBXBuildFile; fileRef = 2184A9A3155C7A2800D1E138 /* SSDPSearchSocket.cpp */; };
		2184AA46155C7A2800D1E138 /* SSDPSearchSocketList.cpp in Sources */ = {isa = PBXBuildFile; fileRef = 2184A9A4155C7A2800D1E138 /* SSDPSearchSocketList.cpp */; };
		2184AA47155C7A2800D1E138 /* StateVariable.cpp in Sources */ = {isa = PBXBuildFile; fileRef = 2184A9A5155C7A2800D1E138 /* StateVariable.cpp */; };
		2184AA48155C7A2800D1E138 /* UPnP.cpp in Sources */ = {isa = PBXBuildFile; fileRef = 2184A9A6155C7A2800D1E138 /* UPnP.cpp */; };
		2184AA49155C7A2800D1E138 /* UPnPStatus.cpp in Sources */ = {isa = PBXBuildFile; fileRef = 2184A9A7155C7A2800D1E138 /* UPnPStatus.cpp */; };
		2184AA4A155C7A2800D1E138 /* ActionData.cpp in Sources */ = {isa = PBXBuildFile; fileRef = 2184A9A9155C7A2800D1E138 /* ActionData.cpp */; };
		2184AA4B155C7A2800D1E138 /* DeviceData.cpp in Sources */ = {isa = PBXBuildFile; fileRef = 2184A9AA155C7A2800D1E138 /* DeviceData.cpp */; };
		2184AA4C155C7A2800D1E138 /* ServiceData.cpp in Sources */ = {isa = PBXBuildFile; fileRef = 2184A9AB155C7A2800D1E138 /* ServiceData.cpp */; };
		2184AA4D155C7A2800D1E138 /* StateVariableData.cpp in Sources */ = {isa = PBXBuildFile; fileRef = 2184A9AC155C7A2800D1E138 /* StateVariableData.cpp */; };
		2184AA55155C7A2800D1E138 /* AttributeList.cpp in Sources */ = {isa = PBXBuildFile; fileRef = 2184A9B6155C7A2800D1E138 /* AttributeList.cpp */; };
		2184AA56155C7A2800D1E138 /* ExpatParser.cpp in Sources */ = {isa = PBXBuildFile; fileRef = 2184A9B8155C7A2800D1E138 /* ExpatParser.cpp */; };
		2184AA57155C7A2800D1E138 /* Libxml2Parser.cpp in Sources */ = {isa = PBXBuildFile; fileRef = 2184A9BA155C7A2800D1E138 /* Libxml2Parser.cpp */; };
		2184AA58155C7A2800D1E138 /* Node.cpp in Sources */ = {isa = PBXBuildFile; fileRef = 2184A9BB155C7A2800D1E138 /* Node.cpp */; };
		2184AA59155C7A2800D1E138 /* NodeList.cpp in Sources */ = {isa = PBXBuildFile; fileRef = 2184A9BC155C7A2800D1E138 /* NodeList.cpp */; };
		2184AA5A155C7A2800D1E138 /* Parser.cpp in Sources */ = {isa = PBXBuildFile; fileRef = 2184A9BD155C7A2800D1E138 /* Parser.cpp */; };
		2184AA5B155C7A2800D1E138 /* XercesParser.cpp in Sources */ = {isa = PBXBuildFile; fileRef = 2184A9BF155C7A2800D1E138 /* XercesParser.cpp */; };
		2184AA5C155C7A2800D1E138 /* XML.cpp in Sources */ = {isa = PBXBuildFile; fileRef = 2184A9C0155C7A2800D1E138 /* XML.cpp */; };
/* End PBXBuildFile section */

/* Begin PBXFileReference section */
		2184A76C155C7A0600D1E138 /* SOAP.h */ = {isa = PBXFileReference; fileEncoding = 4; lastKnownFileType = sourcecode.c.h; path = SOAP.h; sourceTree = "<group>"; };
		2184A76D155C7A0600D1E138 /* SOAPRequest.h */ = {isa = PBXFileReference; fileEncoding = 4; lastKnownFileType = sourcecode.c.h; path = SOAPRequest.h; sourceTree = "<group>"; };
		2184A76E155C7A0600D1E138 /* SOAPResponse.h */ = {isa = PBXFileReference; fileEncoding = 4; lastKnownFileType = sourcecode.c.h; path = SOAPResponse.h; sourceTree = "<group>"; };
		2184A773155C7A0600D1E138 /* Action.h */ = {isa = PBXFileReference; fileEncoding = 4; lastKnownFileType = sourcecode.c.h; lineEnding = 0; path = Action.h; sourceTree = "<group>"; xcLanguageSpecificationIdentifier = xcode.lang.objcpp; };
		2184A774155C7A0600D1E138 /* ActionList.h */ = {isa = PBXFileReference; fileEncoding = 4; lastKnownFileType = sourcecode.c.h; path = ActionList.h; sourceTree = "<group>"; };
		2184A775155C7A0600D1E138 /* AllowedValue.h */ = {isa = PBXFileReference; fileEncoding = 4; lastKnownFileType = sourcecode.c.h; path = AllowedValue.h; sourceTree = "<group>"; };
		2184A776155C7A0600D1E138 /* AllowedValueList.h */ = {isa = PBXFileReference; fileEncoding = 4; lastKnownFileType = sourcecode.c.h; path = AllowedValueList.h; sourceTree = "<group>"; };
		2184A777155C7A0600D1E138 /* AllowedValueRange.h */ = {isa = PBXFileReference; fileEncoding = 4; lastKnownFileType = sourcecode.c.h; path = AllowedValueRange.h; sourceTree = "<group>"; };
		2184A778155C7A0600D1E138 /* Argument.h */ = {isa = PBXFileReference; fileEncoding = 4; lastKnownFileType = sourcecode.c.h; path = Argument.h; sourceTree = "<group>"; };
		2184A779155C7A0600D1E138 /* ArgumentList.h */ = {isa = PBXFileReference; fileEncoding = 4; lastKnownFileType = sourcecode.c.h; path = ArgumentList.h; sourceTree = "<group>"; };
		2184A77B155C7A0600D1E138 /* ActionListener.h */ = {isa = PBXFileReference; fileEncoding = 4; lastKnownFileType = sourcecode.c.h; path = ActionListener.h; sourceTree = "<group>"; };
		2184A77C155C7A0600D1E138 /* ActionRequest.h */ = {isa = PBXFileReference; fileEncoding = 4; lastKnownFileType = sourcecode.c.h; path = ActionRequest.h; sourceTree = "<group>"; };
		2184A77D155C7A0600D1E138 /* ActionResponse.h */ = {isa = PBXFileReference; fileEncoding = 4; lastKnownFileType = sourcecode.c.h; path = ActionResponse.h; sourceTree = "<group>"; };
		2184A77E155C7A0600D1E138 /* Control.h */ = {isa = PBXFileReference; fileEncoding = 4; lastKnownFileType = sourcecode.c.h; path = Control.h; sourceTree = "<group>"; };
		2184A77F155C7A0600D1E138 /* ControlRequest.h */ = {isa = PBXFileReference; fileEncoding = 4; lastKnownFileType = sourcecode.c.h; path = ControlRequest.h; sourceTree = "<group>"; };
		2184A780155C7A0600D1E138 /* ControlResponse.h */ = {isa = PBXFileReference; fileEncoding = 4; lastKnownFileType = sourcecode.c.h; path = ControlResponse.h; sourceTree = "<group>"; };
		2184A781155C7A0600D1E138 /* QueryListener.h */ = {isa = PBXFileReference; fileEncoding = 4; lastKnownFileType = sourcecode.c.h; path = QueryListener.h; sourceTree = "<group>"; };
		2184A782155C7A0600D1E138 /* QueryRequest.h */ = {isa = PBXFileReference; fileEncoding = 4; lastKnownFileType = sourcecode.c.h; path = QueryRequest.h; sourceTree = "<group>"; };
		2184A783155C7A0600D1E138 /* QueryResponse.h */ = {isa = PBXFileReference; fileEncoding = 4; lastKnownFileType = sourcecode.c.h; path = QueryResponse.h; sourceTree = "<group>"; };
		2184A784155C7A0600D1E138 /* RenewSubscriber.h */ = {isa = PBXFileReference; fileEncoding = 4; lastKnownFileType = sourcecode.c.h; path = RenewSubscriber.h; sourceTree = "<group>"; };
		2184A785155C7A0600D1E138 /* ControlPoint.h */ = {isa = PBXFileReference; fileEncoding = 4; lastKnownFileType = sourcecode.c.h; path = ControlPoint.h; sourceTree = "<group>"; };
		2184A786155C7A0600D1E138 /* CyberLink.h */ = {isa = PBXFileReference; fileEncoding = 4; lastKnownFileType = sourcecode.c.h; path = CyberLink.h; sourceTree = "<group>"; };
		2184A788155C7A0600D1E138 /* Advertiser.h */ = {isa = PBXFileReference; fileEncoding = 4; lastKnownFileType = sourcecode.c.h; path = Advertiser.h; sourceTree = "<group>"; };
		2184A789155C7A0600D1E138 /* Description.h */ = {isa = PBXFileReference; fileEncoding = 4; lastKnownFileType = sourcecode.c.h; path = Description.h; sourceTree = "<group>"; };
		2184A78A155C7A0600D1E138 /* DeviceChangeListener.h */ = {isa = PBXFileReference; fileEncoding = 4; lastKnownFileType = sourcecode.c.h; path = DeviceChangeListener.h; sourceTree = "<group>"; };
		2184A78B155C7A0600D1E138 /* Disposer.h */ = {isa = PBXFileReference; fileEncoding = 4; lastKnownFileType = sourcecode.c.h; path = Disposer.h; sourceTree = "<group>"; };
		2184A78C155C7A0600D1E138 /* InvalidDescriptionException.h */ = {isa = PBXFileReference; fileEncoding = 4; lastKnownFileType = sourcecode.c.h; path = InvalidDescriptionException.h; sourceTree = "<group>"; };
		2184A78D155C7A0600D1E138 /* MAN.h */ = {isa = PBXFileReference; fileEncoding = 4; lastKnownFileType = sourcecode.c.h; path = MAN.h; sourceTree = "<group>"; };
		2184A78E155C7A0600D1E138 /* NotifyListener.h */ = {isa = PBXFileReference; fileEncoding = 4; lastKnownFileType = sourcecode.c.h; path = NotifyListener.h; sourceTree = "<group>"; };
		2184A78F155C7A0600D1E138 /* NT.h */ = {isa = PBXFileReference; fileEncoding = 4; lastKnownFileType = sourcecode.c.h; path = NT.h; sourceTree = "<group>"; };
		2184A790155C7A0600D1E138 /* NTS.h */ = {isa = PBXFileReference; fileEncoding = 4; lastKnownFileType = sourcecode.c.h; path = NTS.h; sourceTree = "<group>"; };
		2184A791155C7A0600D1E138 /* SearchListener.h */ = {isa = PBXFileReference; fileEncoding = 4; lastKnownFileType = sourcecode.c.h; path = SearchListener.h; sourceTree = "<group>"; };
		2184A792155C7A0600D1E138 /* SearchResponseListener.h */ = {isa = PBXFileReference; fileEncoding = 4; lastKnownFileType = sourcecode.c.h; path = SearchResponseListener.h; sourceTree = "<group>"; };
		2184A793155C7A0600D1E138 /* ST.h */ = {isa = PBXFileReference; fileEncoding = 4; lastKnownFileType = sourcecode.c.h; path = ST.h; sourceTree = "<group>"; };
		2184A794155C7A0600D1E138 /* USN.h */ = {isa = PBXFileReference; fileEncoding = 4; lastKnownFileType = sourcecode.c.h; path = USN.h; sourceTree = "<group>"; };
		2184A795155C7A0600D1E138 /* Device.h */ = {isa = PBXFileReference; fileEncoding = 4; lastKnownFileType = sourcecode.c.h; path = Device.h; sourceTree = "<group>"; };
		2184A796155C7A0600D1E138 /* DeviceList.h */ = {isa = PBXFileReference; fileEncoding = 4; lastKnownFileType = sourcecode.c.h; path = DeviceList.h; sourceTree = "<group>"; };
		2184A798155C7A0600D1E138 /* EventListener.h */ = {isa = PBXFileReference; fileEncoding = 4; lastKnownFileType = sourcecode.c.h; path = EventListener.h; sourceTree = "<group>"; };
		2184A799155C7A0600D1E138 /* NotifyRequest.h */ = {isa = PBXFileReference; fileEncoding = 4; lastKnownFileType = sourcecode.c.h; path = NotifyRequest.h; sourceTree = "<group>"; };
		2184A79A155C7A0600D1E138 /* Property.h */ = {isa = PBXFileReference; fileEncoding = 4; lastKnownFileType = sourcecode.c.h; path = Property.h; sourceTree = "<group>"; };
		2184A79B155C7A0600D1E138 /* PropertyList.h */ = {isa = PBXFileReference; fileEncoding = 4; lastKnownFileType = sourcecode.c.h; path = PropertyList.h; sourceTree = "<group>"; };
		2184A79C155C7A0600D1E138 /* Subscriber.h */ = {isa = PBXFileReference; fileEncoding = 4; lastKnownFileType = sourcecode.c.h; path = Subscriber.h; sourceTree = "<group>"; };
		2184A79D155C7A0600D1E138 /* SubscriberList.h */ = {isa = PBXFileReference; fileEncoding = 4; lastKnownFileType = sourcecode.c.h; path = SubscriberList.h; sourceTree = "<group>"; };
		2184A79E155C7A0600D1E138 /* Subscription.h */ = {isa = PBXFileReference; fileEncoding = 4; lastKnownFileType = sourcecode.c.h; path = Subscription.h; sourceTree = "<group>"; };
		2184A79F155C7A0600D1E138 /* SubscriptionRequest.h */ = {isa = PBXFileReference; fileEncoding = 4; lastKnownFileType = sourcecode.c.h; path = SubscriptionRequest.h; sourceTree = "<group>"; };
		2184A7A0155C7A0600D1E138 /* SubscriptionResponse.h */ = {isa = PBXFileReference; fileEncoding = 4; lastKnownFileType = sourcecode.c.h; path = SubscriptionResponse.h; sourceTree = "<group>"; };
		2184A7A1155C7A0600D1E138 /* Icon.h */ = {isa = PBXFileReference; fileEncoding = 4; lastKnownFileType = sourcecode.c.h; path = Icon.h; sourceTree = "<group>"; };
		2184A7A2155C7A0600D1E138 /* IconList.h */ = {isa = PBXFileReference; fileEncoding = 4; lastKnownFileType = sourcecode.c.h; path = IconList.h; sourceTree = "<group>"; };
		2184A800155C7A0600D1E138 /* MediaServer.h */ = {isa = PBXFileReference; fileEncoding = 4; lastKnownFileType = sourcecode.c.h; path = MediaServer.h; sourceTree = "<group>"; };
		2184A801155C7A0600D1E138 /* Service.h */ = {isa = PBXFileReference; fileEncoding = 4; lastKnownFileType = sourcecode.c.h; path = Service.h; sourceTree = "<group>"; };
		2184A802155C7A0600D1E138 /* ServiceList.h */ = {isa = PBXFileReference; fileEncoding = 4; lastKnownFileType = sourcecode.c.h; path = ServiceList.h; sourceTree = "<group>"; };
		2184A803155C7A0600D1E138 /* ServiceStateTable.h */ = {isa = PBXFileReference; fileEncoding = 4; lastKnownFileType = sourcecode.c.h; path = ServiceStateTable.h; sourceTree = "<group>"; };
		2184A805155C7A0600D1E138 /* HTTPMUSocket.h */ = {isa = PBXFileReference; fileEncoding = 4; lastKnownFileType = sourcecode.c.h; path = HTTPMUSocket.h; sourceTree = "<group>"; };
		2184A806155C7A0600D1E138 /* HTTPUSocket.h */ = {isa = PBXFileReference; fileEncoding = 4; lastKnownFileType = sourcecode.c.h; path = HTTPUSocket.h; sourceTree = "<group>"; };
		2184A807155C7A0600D1E138 /* SSDP.h */ = {isa = PBXFileReference; fileEncoding = 4; lastKnownFileType = sourcecode.c.h; path = SSDP.h; sourceTree = "<group>"; };
		2184A808155C7A0600D1E138 /* SSDPNotifyRequest.h */ = {isa = PBXFileReference; fileEncoding = 4; lastKnownFileType = sourcecode.c.h; path = SSDPNotifyRequest.h; sourceTree = "<group>"; };
		2184A809155C7A0600D1E138 /* SSDPNotifySocket.h */ = {isa = PBXFileReference; fileEncoding = 4; lastKnownFileType = sourcecode.c.h; path = SSDPNotifySocket.h; sourceTree = "<group>"; };
		2184A80A155C7A0600D1E138 /* SSDPNotifySocketList.h */ = {isa = PBXFileReference; fileEncoding = 4; lastKnownFileType = sourcecode.c.h; path = SSDPNotifySocketList.h; sourceTree = "<group>"; };
		2184A80B155C7A0600D1E138 /* SSDPPacket.h */ = {isa = PBXFileReference; fileEncoding = 4; lastKnownFileType = sourcecode.c.h; path = SSDPPacket.h; sourceTree = "<group>"; };
		2184A80C155C7A0600D1E138 /* SSDPRequest.h */ = {isa = PBXFileReference; fileEncoding = 4; lastKnownFileType = sourcecode.c.h; path = SSDPRequest.h; sourceTree = "<group>"; };
		2184A80D155C7A0600D1E138 /* SSDPResponse.h */ = {isa = PBXFileReference; fileEncoding = 4; lastKnownFileType = sourcecode.c.h; path = SSDPResponse.h; sourceTree = "<group>"; };
		2184A80E155C7A0600D1E138 /* SSDPSearchRequest.h */ = {isa = PBXFileReference; fileEncoding = 4; lastKnownFileType = sourcecode.c.h; path = SSDPSearchRequest.h; sourceTree = "<group>"; };
		2184A80F155C7A0600D1E138 /* SSDPSearchResponse.h */ = {isa = PBXFileReference; fileEncoding = 4; lastKnownFileType = sourcecode.c.h; path = SSDPSearchResponse.h; sourceTree = "<group>"; };
		2184A810155C7A0600D1E138 /* SSDPSearchResponseSocket.h */ = {isa = PBXFileReference; fileEncoding = 4; lastKnownFileType = sourcecode.c.h; path = SSDPSearchResponseSocket.h; sourceTree = "<group>"; };
		2184A811155C7A0600D1E138 /* SSDPSearchResponseSocketList.h */ = {isa = PBXFileReference; fileEncoding = 4; lastKnownFileType = sourcecode.c.h; path = SSDPSearchResponseSocketList.h; sourceTree = "<group>"; };
		2184A812155C7A0600D1E138 /* SSDPSearchSocket.h */ = {isa = PBXFileReference; fileEncoding = 4; lastKnownFileType = sourcecode.c.h; path = SSDPSearchSocket.h; sourceTree = "<group>"; };
		2184A813155C7A0600D1E138 /* SSDPSearchSocketList.h */ = {isa = PBXFileReference; fileEncoding = 4; lastKnownFileType = sourcecode.c.h; path = SSDPSearchSocketList.h; sourceTree = "<group>"; };
		2184A814155C7A0600D1E138 /* StateVariable.h */ = {isa = PBXFileReference; fileEncoding = 4; lastKnownFileType = sourcecode.c.h; path = StateVariable.h; sourceTree = "<group>"; };
		2184A815155C7A0600D1E138 /* UPnP.h */ = {isa = PBXFileReference; fileEncoding = 4; lastKnownFileType = sourcecode.c.h; path = UPnP.h; sourceTree = "<group>"; };
		2184A816155C7A0600D1E138 /* UPnPStatus.h */ = {isa = PBXFileReference; fileEncoding = 4; lastKnownFileType = sourcecode.c.h; path = UPnPStatus.h; sourceTree = "<group>"; };
		2184A818155C7A0600D1E138 /* ActionData.h */ = {isa = PBXFileReference; fileEncoding = 4; lastKnownFileType = sourcecode.c.h; path = ActionData.h; sourceTree = "<group>"; };
		2184A819155C7A0600D1E138 /* ArgumentData.h */ = {isa = PBXFileReference; fileEncoding = 4; lastKnownFileType = sourcecode.c.h; path = ArgumentData.h; sourceTree = "<group>"; };
		2184A81A155C7A0600D1E138 /* DeviceData.h */ = {isa = PBXFileReference; fileEncoding = 4; lastKnownFileType = sourcecode.c.h; path = DeviceData.h; sourceTree = "<group>"; };
		2184A81B155C7A0600D1E138 /* ServiceData.h */ = {isa = PBXFileReference; fileEncoding = 4; lastKnownFileType = sourcecode.c.h; path = ServiceData.h; sourceTree = "<group>"; };
		2184A81C155C7A0600D1E138 /* StateVariableData.h */ = {isa = PBXFileReference; fileEncoding = 4; lastKnownFileType = sourcecode.c.h; path = StateVariableData.h; sourceTree = "<group>"; };
		2184A829155C7A0600D1E138 /* Attribute.h */ = {isa = PBXFileReference; fileEncoding = 4; lastKnownFileType = sourcecode.c.h; path = Attribute.h; sourceTree = "<group>"; };
		2184A82A155C7A0600D1E138 /* AttributeList.h */ = {isa = PBXFileReference; fileEncoding = 4; lastKnownFileType = sourcecode.c.h; path = AttributeList.h; sourceTree = "<group>"; };
		2184A82B155C7A0600D1E138 /* Node.h */ = {isa = PBXFileReference; fileEncoding = 4; lastKnownFileType = sourcecode.c.h; path = Node.h; sourceTree = "<group>"; };
		2184A82C155C7A0600D1E138 /* NodeData.h */ = {isa = PBXFileReference; fileEncoding = 4; lastKnownFileType = sourcecode.c.h; path = NodeData.h; sourceTree = "<group>"; };
		2184A82D155C7A0600D1E138 /* NodeList.h */ = {isa = PBXFileReference; fileEncoding = 4; lastKnownFileType = sourcecode.c.h; path = NodeList.h; sourceTree = "<group>"; };
		2184A82E155C7A0600D1E138 /* Parser.h */ = {isa = PBXFileReference; fileEncoding = 4; lastKnownFileType = sourcecode.c.h; path = Parser.h; sourceTree = "<group>"; };
		2184A82F155C7A0600D1E138 /* ParserException.h */ = {isa = PBXFileReference; fileEncoding = 4; lastKnownFileType = sourcecode.c.h; path = ParserException.h; sourceTree = "<group>"; };
		2184A830155C7A0600D1E138 /* XML.h */ = {isa = PBXFileReference; fileEncoding = 4; lastKnownFileType = sourcecode.c.h; path = XML.h; sourceTree = "<group>"; };
		2184A921155C7A2800D1E138 /* SOAP.cpp */ = {isa = PBXFileReference; fileEncoding = 4; lastKnownFileType = sourcecode.cpp.cpp; path = SOAP.cpp; sourceTree = "<group>"; };
		2184A922155C7A2800D1E138 /* SOAPRequest.cpp */ = {isa = PBXFileReference; fileEncoding = 4; lastKnownFileType = sourcecode.cpp.cpp; path = SOAPRequest.cpp; sourceTree = "<group>"; };
		2184A923155C7A2800D1E138 /* SOAPResponse.cpp */ = {isa = PBXFileReference; fileEncoding = 4; lastKnownFileType = sourcecode.cpp.cpp; path = SOAPResponse.cpp; sourceTree = "<group>"; };
		2184A928155C7A2800D1E138 /* Action.cpp */ = {isa = PBXFileReference; fileEncoding = 4; lastKnownFileType = sourcecode.cpp.cpp; path = Action.cpp; sourceTree = "<group>"; };
		2184A929155C7A2800D1E138 /* ActionList.cpp */ = {isa = PBXFileReference; fileEncoding = 4; lastKnownFileType = sourcecode.cpp.cpp; path = ActionList.cpp; sourceTree = "<group>"; };
		2184A92A155C7A2800D1E138 /* AllowedValue.cpp */ = {isa = PBXFileReference; fileEncoding = 4; lastKnownFileType = sourcecode.cpp.cpp; path = AllowedValue.cpp; sourceTree = "<group>"; };
		2184A92B155C7A2800D1E138 /* AllowedValueList.cpp */ = {isa = PBXFileReference; fileEncoding = 4; lastKnownFileType = sourcecode.cpp.cpp; path = AllowedValueList.cpp; sourceTree = "<group>"; };
		2184A92C155C7A2800D1E138 /* AllowedValueRange.cpp */ = {isa = PBXFileReference; fileEncoding = 4; lastKnownFileType = sourcecode.cpp.cpp; path = AllowedValueRange.cpp; sourceTree = "<group>"; };
		2184A92D155C7A2800D1E138 /* Argument.cpp */ = {isa = PBXFileReference; fileEncoding = 4; lastKnownFileType = sourcecode.cpp.cpp; path = Argument.cpp; sourceTree = "<group>"; };
		2184A92E155C7A2800D1E138 /* ArgumentList.cpp */ = {isa = PBXFileReference; fileEncoding = 4; lastKnownFileType = sourcecode.cpp.cpp; path = ArgumentList.cpp; sourceTree = "<group>"; };
		2184A930155C7A2800D1E138 /* ActionRequest.cpp */ = {isa = PBXFileReference; fileEncoding = 4; lastKnownFileType = sourcecode.cpp.cpp; path = ActionRequest.cpp; sourceTree = "<group>"; };
		2184A931155C7A2800D1E138 /* ActionResponse.cpp */ = {isa = PBXFileReference; fileEncoding = 4; lastKnownFileType = sourcecode.cpp.cpp; path = ActionResponse.cpp; sourceTree = "<group>"; };
		2184A932155C7A2800D1E138 /* ControlRequest.cpp */ = {isa = PBXFileReference; fileEncoding = 4; lastKnownFileType = sourcecode.cpp.cpp; path = ControlRequest.cpp; sourceTree = "<group>"; };
		2184A933155C7A2800D1E138 /* ControlResponse.cpp */ = {isa = PBXFileReference; fileEncoding = 4; lastKnownFileType = sourcecode.cpp.cpp; path = ControlResponse.cpp; sourceTree = "<group>"; };
		2184A934155C7A2800D1E138 /* QueryRequest.cpp */ = {isa = PBXFileReference; fileEncoding = 4; lastKnownFileType = sourcecode.cpp.cpp; path = QueryRequest.cpp; sourceTree = "<group>"; };
		2184A935155C7A2800D1E138 /* QueryResponse.cpp */ = {isa = PBXFileReference; fileEncoding = 4; lastKnownFileType = sourcecode.cpp.cpp; path = QueryResponse.cpp; sourceTree = "<group>"; };
		2184A936155C7A2800D1E138 /* RenewSubscriber.cpp */ = {isa = PBXFileReference; fileEncoding = 4; lastKnownFileType = sourcecode.cpp.cpp; path = RenewSubscriber.cpp; sourceTree = "<group>"; };
		2184A937155C7A2800D1E138 /* ControlPoint.cpp */ = {isa = PBXFileReference; fileEncoding = 4; lastKnownFileType = sourcecode.cpp.cpp; path = ControlPoint.cpp; sourceTree = "<group>"; };
		2184A939155C7A2800D1E138 /* Advertiser.cpp */ = {isa = PBXFileReference; fileEncoding = 4; lastKnownFileType = sourcecode.cpp.cpp; path = Advertiser.cpp; sourceTree = "<group>"; };
		2184A93A155C7A2800D1E138 /* Disposer.cpp */ = {isa = PBXFileReference; fileEncoding = 4; lastKnownFileType = sourcecode.cpp.cpp; path = Disposer.cpp; sourceTree = "<group>"; };
		2184A93B155C7A2800D1E138 /* MAN.cpp */ = {isa = PBXFileReference; fileEncoding = 4; lastKnownFileType = sourcecode.cpp.cpp; path = MAN.cpp; sourceTree = "<group>"; };
		2184A93C155C7A2800D1E138 /* NT.cpp */ = {isa = PBXFileReference; fileEncoding = 4; lastKnownFileType = sourcecode.cpp.cpp; path = NT.cpp; sourceTree = "<group>"; };
		2184A93D155C7A2800D1E138 /* NTS.cpp */ = {isa = PBXFileReference; fileEncoding = 4; lastKnownFileType = sourcecode.cpp.cpp; path = NTS.cpp; sourceTree = "<group>"; };
		2184A93E155C7A2800D1E138 /* ST.cpp */ = {isa = PBXFileReference; fileEncoding = 4; lastKnownFileType = sourcecode.cpp.cpp; path = ST.cpp; sourceTree = "<group>"; };
		2184A93F155C7A2800D1E138 /* USN.cpp */ = {isa = PBXFileReference; fileEncoding = 4; lastKnownFileType = sourcecode.cpp.cpp; path = USN.cpp; sourceTree = "<group>"; };
		2184A940155C7A2800D1E138 /* Device.cpp */ = {isa = PBXFileReference; fileEncoding = 4; lastKnownFileType = sourcecode.cpp.cpp; path = Device.cpp; sourceTree = "<group>"; };
		2184A941155C7A2800D1E138 /* DeviceList.cpp */ = {isa = PBXFileReference; fileEncoding = 4; lastKnownFileType = sourcecode.cpp.cpp; path = DeviceList.cpp; sourceTree = "<group>"; };
		2184A943155C7A2800D1E138 /* NotifyRequest.cpp */ = {isa = PBXFileReference; fileEncoding = 4; lastKnownFileType = sourcecode.cpp.cpp; path = NotifyRequest.cpp; sourceTree = "<group>"; };
		2184A944155C7A2800D1E138 /* PropertyList.cpp */ = {isa = PBXFileReference; fileEncoding = 4; lastKnownFileType = sourcecode.cpp.cpp; path = PropertyList.cpp; sourceTree = "<group>"; };
		2184A945155C7A2800D1E138 /* Subscriber.cpp */ = {isa = PBXFileReference; fileEncoding = 4; lastKnownFileType = sourcecode.cpp.cpp; path = Subscriber.cpp; sourceTree = "<group>"; };
		2184A946155C7A2800D1E138 /* Subscription.cpp */ = {isa = PBXFileReference; fileEncoding = 4; lastKnownFileType = sourcecode.cpp.cpp; path = Subscription.cpp; sourceTree = "<group>"; };
		2184A947155C7A2800D1E138 /* SubscriptionRequest.cpp */ = {isa = PBXFileReference; fileEncoding = 4; lastKnownFileType = sourcecode.cpp.cpp; path = SubscriptionRequest.cpp; sourceTree = "<group>"; };
		2184A948155C7A2800D1E138 /* Icon.cpp */ = {isa = PBXFileReference; fileEncoding = 4; lastKnownFileType = sourcecode.cpp.cpp; path = Icon.cpp; sourceTree = "<group>"; };
		2184A949155C7A2800D1E138 /* IconList.cpp */ = {isa = PBXFileReference; fileEncoding = 4; lastKnownFileType = sourcecode.cpp.cpp; path = IconList.cpp; sourceTree = "<group>"; };
		2184A996155C7A2800D1E138 /* Service.cpp */ = {isa = PBXFileReference; fileEncoding = 4; lastKnownFileType = sourcecode.cpp.cpp; path = Service.cpp; sourceTree = "<group>"; };
		2184A997155C7A2800D1E138 /* ServiceList.cpp */ = {isa = PBXFileReference; fileEncoding = 4; lastKnownFileType = sourcecode.cpp.cpp; path = ServiceList.cpp; sourceTree = "<group>"; };
		2184A998155C7A2800D1E138 /* ServiceStateTable.cpp */ = {isa = PBXFileReference; fileEncoding = 4; lastKnownFileType = sourcecode.cpp.cpp; path = ServiceStateTable.cpp; sourceTree = "<group>"; };
		2184A99A155C7A2800D1E138 /* HTTPMUSocket.cpp */ = {isa = PBXFileReference; fileEncoding = 4; lastKnownFileType = sourcecode.cpp.cpp; path = HTTPMUSocket.cpp; sourceTree = "<group>"; };
		2184A99B155C7A2800D1E138 /* HTTPUSocket.cpp */ = {isa = PBXFileReference; fileEncoding = 4; lastKnownFileType = sourcecode.cpp.cpp; path = HTTPUSocket.cpp; sourceTree = "<group>"; };
		2184A99C155C7A2800D1E138 /* SSDP.cpp */ = {isa = PBXFileReference; fileEncoding = 4; lastKnownFileType = sourcecode.cpp.cpp; path = SSDP.cpp; sourceTree = "<group>"; };
		2184A99D155C7A2800D1E138 /* SSDPNotifySocket.cpp */ = {isa = PBXFileReference; fileEncoding = 4; lastKnownFileType = sourcecode.cpp.cpp; path = SSDPNotifySocket.cpp; sourceTree = "<group>"; };
		2184A99E155C7A2800D1E138 /* SSDPNotifySocketList.cpp */ = {isa = PBXFileReference; fileEncoding = 4; lastKnownFileType = sourcecode.cpp.cpp; path = SSDPNotifySocketList.cpp; sourceTree = "<group>"; };
		2184A99F155C7A2800D1E138 /* SSDPPacket.cpp */ = {isa = PBXFileReference; fileEncoding = 4; lastKnownFileType = sourcecode.cpp.cpp; path = SSDPPacket.cpp; sourceTree = "<group>"; };
		2184A9A0155C7A2800D1E138 /* SSDPResponse.cpp */ = {isa = PBXFileReference; fileEncoding = 4; lastKnownFileType = sourcecode.cpp.cpp; path = SSDPResponse.cpp; sourceTree = "<group>"; };
		2184A9A1155C7A2800D1E138 /* SSDPSearchResponseSocket.cpp */ = {isa = PBXFileReference; fileEncoding = 4; lastKnownFileType = sourcecode.cpp.cpp; path = SSDPSearchResponseSocket.cpp; sourceTree = "<group>"; };
		2184A9A2155C7A2800D1E138 /* SSDPSearchResponseSocketList.cpp */ = {isa = PBXFileReference; fileEncoding = 4; lastKnownFileType = sourcecode.cpp.cpp; path = SSDPSearchResponseSocketList.cpp; sourceTree = "<group>"; };
		2184A9A3155C7A2800D1E138 /* SSDPSearchSocket.cpp */ = {isa = PBXFileReference; fileEncoding = 4; lastKnownFileType = sourcecode.cpp.cpp; path = SSDPSearchSocket.cpp; sourceTree = "<group>"; };
		2184A9A4155C7A2800D1E138 /* SSDPSearchSocketList.cpp */ = {isa = PBXFileReference; fileEncoding = 4; lastKnownFileType = sourcecode.cpp.cpp; path = SSDPSearchSocketList.cpp; sourceTree = "<group>"; };
		2184A9A5155C7A2800D1E138 /* StateVariable.cpp */ = {isa = PBXFileReference; fileEncoding = 4; lastKnownFileType = sourcecode.cpp.cpp; path = StateVariable.cpp; sourceTree = "<group>"; };
		2184A9A6155C7A2800D1E138 /* UPnP.cpp */ = {isa = PBXFileReference; fileEncoding = 4; lastKnownFileType = sourcecode.cpp.cpp; path = UPnP.cpp; sourceTree = "<group>"; };
		2184A9A7155C7A2800D1E138 /* UPnPStatus.cpp */ = {isa = PBXFileReference; fileEncoding = 4; lastKnownFileType = sourcecode.cpp.cpp; path = UPnPStatus.cpp; sourceTree = "<group>"; };
		2184A9A9155C7A2800D1E138 /* ActionData.cpp */ = {isa = PBXFileReference; fileEncoding = 4; lastKnownFileType = sourcecode.cpp.cpp; path = ActionData.cpp; sourceTree = "<group>"; };
		2184A9AA155C7A2800D1E138 /* DeviceData.cpp */ = {isa = PBXFileReference; fileEncoding = 4; lastKnownFileType = sourcecode.cpp.cpp; path = DeviceData.cpp; sourceTree = "<group>"; };
		2184A9AB155C7A2800D1E138 /* ServiceData.cpp */ = {isa = PBXFileReference; fileEncoding = 4; lastKnownFileType = sourcecode.cpp.cpp; path = ServiceData.cpp; sourceTree = "<group>"; };
		2184A9AC155C7A2800D1E138 /* StateVariableData.cpp */ = {isa = PBXFileReference; fileEncoding = 4; lastKnownFileType = sourcecode.cpp.cpp; path = StateVariableData.cpp; sourceTree = "<group>"; };
		2184A9B6155C7A2800D1E138 /* AttributeList.cpp */ = {isa = PBXFileReference; fileEncoding = 4; lastKnownFileType = sourcecode.cpp.cpp; path = AttributeList.cpp; sourceTree = "<group>"; };
		2184A9B8155C7A2800D1E138 /* ExpatParser.cpp */ = {isa = PBXFileReference; fileEncoding = 4; lastKnownFileType = sourcecode.cpp.cpp; path = ExpatParser.cpp; sourceTree = "<group>"; };
		2184A9BA155C7A2800D1E138 /* Libxml2Parser.cpp */ = {isa = PBXFileReference; fileEncoding = 4; lastKnownFileType = sourcecode.cpp.cpp; path = Libxml2Parser.cpp; sourceTree = "<group>"; };
		2184A9BB155C7A2800D1E138 /* Node.cpp */ = {isa = PBXFileReference; fileEncoding = 4; lastKnownFileType = sourcecode.cpp.cpp; path = Node.cpp; sourceTree = "<group>"; };
		2184A9BC155C7A2800D1E138 /* NodeList.cpp */ = {isa = PBXFileReference; fileEncoding = 4; lastKnownFileType = sourcecode.cpp.cpp; path = NodeList.cpp; sourceTree = "<group>"; };
		2184A9BD155C7A2800D1E138 /* Parser.cpp */ = {isa = PBXFileReference; fileEncoding = 4; lastKnownFileType = sourcecode.cpp.cpp; path = Parser.cpp; sourceTree = "<group>"; };
		2184A9BF155C7A2800D1E138 /* XercesParser.cpp */ = {isa = PBXFileReference; fileEncoding = 4; lastKnownFileType = sourcecode.cpp.cpp; path = XercesParser.cpp; sourceTree = "<group>"; };
		2184A9C0155C7A2800D1E138 /* XML.cpp */ = {isa = PBXFileReference; fileEncoding = 4; lastKnownFileType = sourcecode.cpp.cpp; path = XML.cpp; sourceTree = "<group>"; };
		219C21ED155C7877003ABA46 /* liblibclink++.a */ = {isa = PBXFileReference; explicitFileType = archive.ar; includeInIndex = 0; path = "liblibclink++.a"; sourceTree = BUILT_PRODUCTS_DIR; };
/* End PBXFileReference section */

/* Begin PBXFrameworksBuildPhase section */
		219C21EA155C7877003ABA46 /* Frameworks */ = {
			isa = PBXFrameworksBuildPhase;
			buildActionMask = 2147483647;
			files = (
			);
			runOnlyForDeploymentPostprocessing = 0;
		};
/* End PBXFrameworksBuildPhase section */

/* Begin PBXGroup section */
		2184A73E155C79EA00D1E138 /* Headers */ = {
			isa = PBXGroup;
			children = (
				2184A740155C7A0600D1E138 /* cybergarage */,
			);
			name = Headers;
			sourceTree = "<group>";
		};
		2184A740155C7A0600D1E138 /* cybergarage */ = {
			isa = PBXGroup;
			children = (
				2184A76B155C7A0600D1E138 /* soap */,
				2184A772155C7A0600D1E138 /* upnp */,
				2184A828155C7A0600D1E138 /* xml */,
			);
			name = cybergarage;
			path = ../../../include/cybergarage;
			sourceTree = "<group>";
		};
		2184A76B155C7A0600D1E138 /* soap */ = {
			isa = PBXGroup;
			children = (
				2184A76C155C7A0600D1E138 /* SOAP.h */,
				2184A76D155C7A0600D1E138 /* SOAPRequest.h */,
				2184A76E155C7A0600D1E138 /* SOAPResponse.h */,
			);
			path = soap;
			sourceTree = "<group>";
		};
		2184A772155C7A0600D1E138 /* upnp */ = {
			isa = PBXGroup;
			children = (
				2184A773155C7A0600D1E138 /* Action.h */,
				2184A774155C7A0600D1E138 /* ActionList.h */,
				2184A775155C7A0600D1E138 /* AllowedValue.h */,
				2184A776155C7A0600D1E138 /* AllowedValueList.h */,
				2184A777155C7A0600D1E138 /* AllowedValueRange.h */,
				2184A778155C7A0600D1E138 /* Argument.h */,
				2184A779155C7A0600D1E138 /* ArgumentList.h */,
				2184A77A155C7A0600D1E138 /* control */,
				2184A785155C7A0600D1E138 /* ControlPoint.h */,
				2184A786155C7A0600D1E138 /* CyberLink.h */,
				2184A787155C7A0600D1E138 /* device */,
				2184A795155C7A0600D1E138 /* Device.h */,
				2184A796155C7A0600D1E138 /* DeviceList.h */,
				2184A797155C7A0600D1E138 /* event */,
				2184A7A1155C7A0600D1E138 /* Icon.h */,
				2184A7A2155C7A0600D1E138 /* IconList.h */,
				2184A800155C7A0600D1E138 /* MediaServer.h */,
				2184A801155C7A0600D1E138 /* Service.h */,
				2184A802155C7A0600D1E138 /* ServiceList.h */,
				2184A803155C7A0600D1E138 /* ServiceStateTable.h */,
				2184A804155C7A0600D1E138 /* ssdp */,
				2184A814155C7A0600D1E138 /* StateVariable.h */,
				2184A815155C7A0600D1E138 /* UPnP.h */,
				2184A816155C7A0600D1E138 /* UPnPStatus.h */,
				2184A817155C7A0600D1E138 /* xml */,
			);
			path = upnp;
			sourceTree = "<group>";
		};
		2184A77A155C7A0600D1E138 /* control */ = {
			isa = PBXGroup;
			children = (
				2184A77B155C7A0600D1E138 /* ActionListener.h */,
				2184A77C155C7A0600D1E138 /* ActionRequest.h */,
				2184A77D155C7A0600D1E138 /* ActionResponse.h */,
				2184A77E155C7A0600D1E138 /* Control.h */,
				2184A77F155C7A0600D1E138 /* ControlRequest.h */,
				2184A780155C7A0600D1E138 /* ControlResponse.h */,
				2184A781155C7A0600D1E138 /* QueryListener.h */,
				2184A782155C7A0600D1E138 /* QueryRequest.h */,
				2184A783155C7A0600D1E138 /* QueryResponse.h */,
				2184A784155C7A0600D1E138 /* RenewSubscriber.h */,
			);
			path = control;
			sourceTree = "<group>";
		};
		2184A787155C7A0600D1E138 /* device */ = {
			isa = PBXGroup;
			children = (
				2184A788155C7A0600D1E138 /* Advertiser.h */,
				2184A789155C7A0600D1E138 /* Description.h */,
				2184A78A155C7A0600D1E138 /* DeviceChangeListener.h */,
				2184A78B155C7A0600D1E138 /* Disposer.h */,
				2184A78C155C7A0600D1E138 /* InvalidDescriptionException.h */,
				2184A78D155C7A0600D1E138 /* MAN.h */,
				2184A78E155C7A0600D1E138 /* NotifyListener.h */,
				2184A78F155C7A0600D1E138 /* NT.h */,
				2184A790155C7A0600D1E138 /* NTS.h */,
				2184A791155C7A0600D1E138 /* SearchListener.h */,
				2184A792155C7A0600D1E138 /* SearchResponseListener.h */,
				2184A793155C7A0600D1E138 /* ST.h */,
				2184A794155C7A0600D1E138 /* USN.h */,
			);
			path = device;
			sourceTree = "<group>";
		};
		2184A797155C7A0600D1E138 /* event */ = {
			isa = PBXGroup;
			children = (
				2184A798155C7A0600D1E138 /* EventListener.h */,
				2184A799155C7A0600D1E138 /* NotifyRequest.h */,
				2184A79A155C7A0600D1E138 /* Property.h */,
				2184A79B155C7A0600D1E138 /* PropertyList.h */,
				2184A79C155C7A0600D1E138 /* Subscriber.h */,
				2184A79D155C7A0600D1E138 /* SubscriberList.h */,
				2184A79E155C7A0600D1E138 /* Subscription.h */,
				2184A79F155C7A0600D1E138 /* SubscriptionRequest.h */,
				2184A7A0155C7A0600D1E138 /* SubscriptionResponse.h */,
			);
			path = event;
			sourceTree = "<group>";
		};
		2184A804155C7A0600D1E138 /* ssdp */ = {
			isa = PBXGroup;
			children = (
				2184A805155C7A0600D1E138 /* HTTPMUSocket.h */,
				2184A806155C7A0600D1E138 /* HTTPUSocket.h */,
				2184A807155C7A0600D1E138 /* SSDP.h */,
				2184A808155C7A0600D1E138 /* SSDPNotifyRequest.h */,
				2184A809155C7A0600D1E138 /* SSDPNotifySocket.h */,
				2184A80A155C7A0600D1E138 /* SSDPNotifySocketList.h */,
				2184A80B155C7A0600D1E138 /* SSDPPacket.h */,
				2184A80C155C7A0600D1E138 /* SSDPRequest.h */,
				2184A80D155C7A0600D1E138 /* SSDPResponse.h */,
				2184A80E155C7A0600D1E138 /* SSDPSearchRequest.h */,
				2184A80F155C7A0600D1E138 /* SSDPSearchResponse.h */,
				2184A810155C7A0600D1E138 /* SSDPSearchResponseSocket.h */,
				2184A811155C7A0600D1E138 /* SSDPSearchResponseSocketList.h */,
				2184A812155C7A0600D1E138 /* SSDPSearchSocket.h */,
				2184A813155C7A0600D1E138 /* SSDPSearchSocketList.h */,
			);
			path = ssdp;
			sourceTree = "<group>";
		};
		2184A817155C7A0600D1E138 /* xml */ = {
			isa = PBXGroup;
			children = (
				2184A818155C7A0600D1E138 /* ActionData.h */,
				2184A819155C7A0600D1E138 /* ArgumentData.h */,
				2184A81A155C7A0600D1E138 /* DeviceData.h */,
				2184A81B155C7A0600D1E138 /* ServiceData.h */,
				2184A81C155C7A0600D1E138 /* StateVariableData.h */,
			);
			path = xml;
			sourceTree = "<group>";
		};
		2184A828155C7A0600D1E138 /* xml */ = {
			isa = PBXGroup;
			children = (
				2184A829155C7A0600D1E138 /* Attribute.h */,
				2184A82A155C7A0600D1E138 /* AttributeList.h */,
				2184A82B155C7A0600D1E138 /* Node.h */,
				2184A82C155C7A0600D1E138 /* NodeData.h */,
				2184A82D155C7A0600D1E138 /* NodeList.h */,
				2184A82E155C7A0600D1E138 /* Parser.h */,
				2184A82F155C7A0600D1E138 /* ParserException.h */,
				2184A830155C7A0600D1E138 /* XML.h */,
			);
			path = xml;
			sourceTree = "<group>";
		};
		2184A900155C7A1000D1E138 /* Sources */ = {
			isa = PBXGroup;
			children = (
				2184A901155C7A2800D1E138 /* cybergarage */,
			);
			name = Sources;
			sourceTree = "<group>";
		};
		2184A901155C7A2800D1E138 /* cybergarage */ = {
			isa = PBXGroup;
			children = (
				2184A920155C7A2800D1E138 /* soap */,
				2184A927155C7A2800D1E138 /* upnp */,
				2184A9B5155C7A2800D1E138 /* xml */,
			);
			name = cybergarage;
			path = ../../../src/cybergarage;
			sourceTree = "<group>";
		};
		2184A920155C7A2800D1E138 /* soap */ = {
			isa = PBXGroup;
			children = (
				2184A921155C7A2800D1E138 /* SOAP.cpp */,
				2184A922155C7A2800D1E138 /* SOAPRequest.cpp */,
				2184A923155C7A2800D1E138 /* SOAPResponse.cpp */,
			);
			path = soap;
			sourceTree = "<group>";
		};
		2184A927155C7A2800D1E138 /* upnp */ = {
			isa = PBXGroup;
			children = (
				2184A928155C7A2800D1E138 /* Action.cpp */,
				2184A929155C7A2800D1E138 /* ActionList.cpp */,
				2184A92A155C7A2800D1E138 /* AllowedValue.cpp */,
				2184A92B155C7A2800D1E138 /* AllowedValueList.cpp */,
				2184A92C155C7A2800D1E138 /* AllowedValueRange.cpp */,
				2184A92D155C7A2800D1E138 /* Argument.cpp */,
				2184A92E155C7A2800D1E138 /* ArgumentList.cpp */,
				2184A92F155C7A2800D1E138 /* control */,
				2184A937155C7A2800D1E138 /* ControlPoint.cpp */,
				2184A938155C7A2800D1E138 /* device */,
				2184A940155C7A2800D1E138 /* Device.cpp */,
				2184A941155C7A2800D1E138 /* DeviceList.cpp */,
				2184A942155C7A2800D1E138 /* event */,
				2184A948155C7A2800D1E138 /* Icon.cpp */,
				2184A949155C7A2800D1E138 /* IconList.cpp */,
				2184A996155C7A2800D1E138 /* Service.cpp */,
				2184A997155C7A2800D1E138 /* ServiceList.cpp */,
				2184A998155C7A2800D1E138 /* ServiceStateTable.cpp */,
				2184A999155C7A2800D1E138 /* ssdp */,
				2184A9A5155C7A2800D1E138 /* StateVariable.cpp */,
				2184A9A6155C7A2800D1E138 /* UPnP.cpp */,
				2184A9A7155C7A2800D1E138 /* UPnPStatus.cpp */,
				2184A9A8155C7A2800D1E138 /* xml */,
			);
			path = upnp;
			sourceTree = "<group>";
		};
		2184A92F155C7A2800D1E138 /* control */ = {
			isa = PBXGroup;
			children = (
				2184A930155C7A2800D1E138 /* ActionRequest.cpp */,
				2184A931155C7A2800D1E138 /* ActionResponse.cpp */,
				2184A932155C7A2800D1E138 /* ControlRequest.cpp */,
				2184A933155C7A2800D1E138 /* ControlResponse.cpp */,
				2184A934155C7A2800D1E138 /* QueryRequest.cpp */,
				2184A935155C7A2800D1E138 /* QueryResponse.cpp */,
				2184A936155C7A2800D1E138 /* RenewSubscriber.cpp */,
			);
			path = control;
			sourceTree = "<group>";
		};
		2184A938155C7A2800D1E138 /* device */ = {
			isa = PBXGroup;
			children = (
				2184A939155C7A2800D1E138 /* Advertiser.cpp */,
				2184A93A155C7A2800D1E138 /* Disposer.cpp */,
				2184A93B155C7A2800D1E138 /* MAN.cpp */,
				2184A93C155C7A2800D1E138 /* NT.cpp */,
				2184A93D155C7A2800D1E138 /* NTS.cpp */,
				2184A93E155C7A2800D1E138 /* ST.cpp */,
				2184A93F155C7A2800D1E138 /* USN.cpp */,
			);
			path = device;
			sourceTree = "<group>";
		};
		2184A942155C7A2800D1E138 /* event */ = {
			isa = PBXGroup;
			children = (
				2184A943155C7A2800D1E138 /* NotifyRequest.cpp */,
				2184A944155C7A2800D1E138 /* PropertyList.cpp */,
				2184A945155C7A2800D1E138 /* Subscriber.cpp */,
				2184A946155C7A2800D1E138 /* Subscription.cpp */,
				2184A947155C7A2800D1E138 /* SubscriptionRequest.cpp */,
			);
			path = event;
			sourceTree = "<group>";
		};
		2184A999155C7A2800D1E138 /* ssdp */ = {
			isa = PBXGroup;
			children = (
				2184A99A155C7A2800D1E138 /* HTTPMUSocket.cpp */,
				2184A99B155C7A2800D1E138 /* HTTPUSocket.cpp */,
				2184A99C155C7A2800D1E138 /* SSDP.cpp */,
				2184A99D155C7A2800D1E138 /* SSDPNotifySocket.cpp */,
				2184A99E155C7A2800D1E138 /* SSDPNotifySocketList.cpp */,
				2184A99F155C7A2800D1E138 /* SSDPPacket.cpp */,
				2184A9A0155C7A2800D1E138 /* SSDPResponse.cpp */,
				2184A9A1155C7A2800D1E138 /* SSDPSearchResponseSocket.cpp */,
				2184A9A2155C7A2800D1E138 /* SSDPSearchResponseSocketList.cpp */,
				2184A9A3155C7A2800D1E138 /* SSDPSearchSocket.cpp */,
				2184A9A4155C7A2800D1E138 /* SSDPSearchSocketList.cpp */,
			);
			path = ssdp;
			sourceTree = "<group>";
		};
		2184A9A8155C7A2800D1E138 /* xml */ = {
			isa = PBXGroup;
			children = (
				2184A9A9155C7A2800D1E138 /* ActionData.cpp */,
				2184A9AA155C7A2800D1E138 /* DeviceData.cpp */,
				2184A9AB155C7A2800D1E138 /* ServiceData.cpp */,
				2184A9AC155C7A2800D1E138 /* StateVariableData.cpp */,
			);
			path = xml;
			sourceTree = "<group>";
		};
		2184A9B5155C7A2800D1E138 /* xml */ = {
			isa = PBXGroup;
			children = (
				2184A9B6155C7A2800D1E138 /* AttributeList.cpp */,
				2184A9B7155C7A2800D1E138 /* expat */,
				2184A9B9155C7A2800D1E138 /* libxml2 */,
				2184A9BB155C7A2800D1E138 /* Node.cpp */,
				2184A9BC155C7A2800D1E138 /* NodeList.cpp */,
				2184A9BD155C7A2800D1E138 /* Parser.cpp */,
				2184A9BE155C7A2800D1E138 /* xerces */,
				2184A9C0155C7A2800D1E138 /* XML.cpp */,
			);
			path = xml;
			sourceTree = "<group>";
		};
		2184A9B7155C7A2800D1E138 /* expat */ = {
			isa = PBXGroup;
			children = (
				2184A9B8155C7A2800D1E138 /* ExpatParser.cpp */,
			);
			path = expat;
			sourceTree = "<group>";
		};
		2184A9B9155C7A2800D1E138 /* libxml2 */ = {
			isa = PBXGroup;
			children = (
				2184A9BA155C7A2800D1E138 /* Libxml2Parser.cpp */,
			);
			path = libxml2;
			sourceTree = "<group>";
		};
		2184A9BE155C7A2800D1E138 /* xerces */ = {
			isa = PBXGroup;
			children = (
				2184A9BF155C7A2800D1E138 /* XercesParser.cpp */,
			);
			path = xerces;
			sourceTree = "<group>";
		};
		219C21E2155C7877003ABA46 = {
			isa = PBXGroup;
			children = (
				2184A73E155C79EA00D1E138 /* Headers */,
				2184A900155C7A1000D1E138 /* Sources */,
				219C21EE155C7877003ABA46 /* Products */,
			);
			sourceTree = "<group>";
		};
		219C21EE155C7877003ABA46 /* Products */ = {
			isa = PBXGroup;
			children = (
				219C21ED155C7877003ABA46 /* liblibclink++.a */,
			);
			name = Products;
			sourceTree = "<group>";
		};
/* End PBXGroup section */

/* Begin PBXHeadersBuildPhase section */
		219C21EB155C7877003ABA46 /* Headers */ = {
			isa = PBXHeadersBuildPhase;
			buildActionMask = 2147483647;
			files = (
				2184A858155C7A0600D1E138 /* SOAP.h in Headers */,
				2184A859155C7A0600D1E138 /* SOAPRequest.h in Headers */,
				2184A85A155C7A0600D1E138 /* SOAPResponse.h in Headers */,
				2184A85D155C7A0600D1E138 /* Action.h in Headers */,
				2184A85E155C7A0600D1E138 /* ActionList.h in Headers */,
				2184A85F155C7A0600D1E138 /* AllowedValue.h in Headers */,
				2184A860155C7A0600D1E138 /* AllowedValueList.h in Headers */,
				2184A861155C7A0600D1E138 /* AllowedValueRange.h in Headers */,
				2184A862155C7A0600D1E138 /* Argument.h in Headers */,
				2184A863155C7A0600D1E138 /* ArgumentList.h in Headers */,
				2184A864155C7A0600D1E138 /* ActionListener.h in Headers */,
				2184A865155C7A0600D1E138 /* ActionRequest.h in Headers */,
				2184A866155C7A0600D1E138 /* ActionResponse.h in Headers */,
				2184A867155C7A0600D1E138 /* Control.h in Headers */,
				2184A868155C7A0600D1E138 /* ControlRequest.h in Headers */,
				2184A869155C7A0600D1E138 /* ControlResponse.h in Headers */,
				2184A86A155C7A0600D1E138 /* QueryListener.h in Headers */,
				2184A86B155C7A0600D1E138 /* QueryRequest.h in Headers */,
				2184A86C155C7A0600D1E138 /* QueryResponse.h in Headers */,
				2184A86D155C7A0600D1E138 /* RenewSubscriber.h in Headers */,
				2184A86E155C7A0600D1E138 /* ControlPoint.h in Headers */,
				2184A86F155C7A0600D1E138 /* CyberLink.h in Headers */,
				2184A870155C7A0600D1E138 /* Advertiser.h in Headers */,
				2184A871155C7A0600D1E138 /* Description.h in Headers */,
				2184A872155C7A0600D1E138 /* DeviceChangeListener.h in Headers */,
				2184A873155C7A0600D1E138 /* Disposer.h in Headers */,
				2184A874155C7A0600D1E138 /* InvalidDescriptionException.h in Headers */,
				2184A875155C7A0600D1E138 /* MAN.h in Headers */,
				2184A876155C7A0600D1E138 /* NotifyListener.h in Headers */,
				2184A877155C7A0600D1E138 /* NT.h in Headers */,
				2184A878155C7A0600D1E138 /* NTS.h in Headers */,
				2184A879155C7A0600D1E138 /* SearchListener.h in Headers */,
				2184A87A155C7A0600D1E138 /* SearchResponseListener.h in Headers */,
				2184A87B155C7A0600D1E138 /* ST.h in Headers */,
				2184A87C155C7A0600D1E138 /* USN.h in Headers */,
				2184A87D155C7A0600D1E138 /* Device.h in Headers */,
				2184A87E155C7A0600D1E138 /* DeviceList.h in Headers */,
				2184A87F155C7A0600D1E138 /* EventListener.h in Headers */,
				2184A880155C7A0600D1E138 /* NotifyRequest.h in Headers */,
				2184A881155C7A0600D1E138 /* Property.h in Headers */,
				2184A882155C7A0600D1E138 /* PropertyList.h in Headers */,
				2184A883155C7A0600D1E138 /* Subscriber.h in Headers */,
				2184A884155C7A0600D1E138 /* SubscriberList.h in Headers */,
				2184A885155C7A0600D1E138 /* Subscription.h in Headers */,
				2184A886155C7A0600D1E138 /* SubscriptionRequest.h in Headers */,
				2184A887155C7A0600D1E138 /* SubscriptionResponse.h in Headers */,
				2184A888155C7A0600D1E138 /* Icon.h in Headers */,
				2184A889155C7A0600D1E138 /* IconList.h in Headers */,
				2184A8D3155C7A0600D1E138 /* MediaServer.h in Headers */,
				2184A8D4155C7A0600D1E138 /* Service.h in Headers */,
				2184A8D5155C7A0600D1E138 /* ServiceList.h in Headers */,
				2184A8D6155C7A0600D1E138 /* ServiceStateTable.h in Headers */,
				2184A8D7155C7A0600D1E138 /* HTTPMUSocket.h in Headers */,
				2184A8D8155C7A0600D1E138 /* HTTPUSocket.h in Headers */,
				2184A8D9155C7A0600D1E138 /* SSDP.h in Headers */,
				2184A8DA155C7A0600D1E138 /* SSDPNotifyRequest.h in Headers */,
				2184A8DB155C7A0600D1E138 /* SSDPNotifySocket.h in Headers */,
				2184A8DC155C7A0600D1E138 /* SSDPNotifySocketList.h in Headers */,
				2184A8DD155C7A0600D1E138 /* SSDPPacket.h in Headers */,
				2184A8DE155C7A0600D1E138 /* SSDPRequest.h in Headers */,
				2184A8DF155C7A0600D1E138 /* SSDPResponse.h in Headers */,
				2184A8E0155C7A0600D1E138 /* SSDPSearchRequest.h in Headers */,
				2184A8E1155C7A0600D1E138 /* SSDPSearchResponse.h in Headers */,
				2184A8E2155C7A0600D1E138 /* SSDPSearchResponseSocket.h in Headers */,
				2184A8E3155C7A0600D1E138 /* SSDPSearchResponseSocketList.h in Headers */,
				2184A8E4155C7A0600D1E138 /* SSDPSearchSocket.h in Headers */,
				2184A8E5155C7A0600D1E138 /* SSDPSearchSocketList.h in Headers */,
				2184A8E6155C7A0600D1E138 /* StateVariable.h in Headers */,
				2184A8E7155C7A0600D1E138 /* UPnP.h in Headers */,
				2184A8E8155C7A0600D1E138 /* UPnPStatus.h in Headers */,
				2184A8E9155C7A0600D1E138 /* ActionData.h in Headers */,
				2184A8EA155C7A0600D1E138 /* ArgumentData.h in Headers */,
				2184A8EB155C7A0600D1E138 /* DeviceData.h in Headers */,
				2184A8EC155C7A0600D1E138 /* ServiceData.h in Headers */,
				2184A8ED155C7A0600D1E138 /* StateVariableData.h in Headers */,
				2184A8F8155C7A0600D1E138 /* Attribute.h in Headers */,
				2184A8F9155C7A0600D1E138 /* AttributeList.h in Headers */,
				2184A8FA155C7A0600D1E138 /* Node.h in Headers */,
				2184A8FB155C7A0600D1E138 /* NodeData.h in Headers */,
				2184A8FC155C7A0600D1E138 /* NodeList.h in Headers */,
				2184A8FD155C7A0600D1E138 /* Parser.h in Headers */,
				2184A8FE155C7A0600D1E138 /* ParserException.h in Headers */,
				2184A8FF155C7A0600D1E138 /* XML.h in Headers */,
			);
			runOnlyForDeploymentPostprocessing = 0;
		};
/* End PBXHeadersBuildPhase section */

/* Begin PBXNativeTarget section */
		219C21EC155C7877003ABA46 /* libclink++ */ = {
			isa = PBXNativeTarget;
			buildConfigurationList = 219C21F1155C7877003ABA46 /* Build configuration list for PBXNativeTarget "libclink++" */;
			buildPhases = (
				219C21E9155C7877003ABA46 /* Sources */,
				219C21EA155C7877003ABA46 /* Frameworks */,
				219C21EB155C7877003ABA46 /* Headers */,
			);
			buildRules = (
			);
			dependencies = (
			);
			name = "libclink++";
			productName = "libclink++";
			productReference = 219C21ED155C7877003ABA46 /* liblibclink++.a */;
			productType = "com.apple.product-type.library.static";
		};
/* End PBXNativeTarget section */

/* Begin PBXProject section */
		219C21E4155C7877003ABA46 /* Project object */ = {
			isa = PBXProject;
			attributes = {
				LastUpgradeCheck = 0500;
			};
			buildConfigurationList = 219C21E7155C7877003ABA46 /* Build configuration list for PBXProject "libclink++" */;
			compatibilityVersion = "Xcode 3.2";
			developmentRegion = English;
			hasScannedForEncodings = 0;
			knownRegions = (
				en,
			);
			mainGroup = 219C21E2155C7877003ABA46;
			productRefGroup = 219C21EE155C7877003ABA46 /* Products */;
			projectDirPath = "";
			projectRoot = "";
			targets = (
				219C21EC155C7877003ABA46 /* libclink++ */,
			);
		};
/* End PBXProject section */

/* Begin PBXSourcesBuildPhase section */
		219C21E9155C7877003ABA46 /* Sources */ = {
			isa = PBXSourcesBuildPhase;
			buildActionMask = 2147483647;
			files = (
				2184A9DC155C7A2800D1E138 /* SOAP.cpp in Sources */,
				2184A9DD155C7A2800D1E138 /* SOAPRequest.cpp in Sources */,
				2184A9DE155C7A2800D1E138 /* SOAPResponse.cpp in Sources */,
				2184A9E1155C7A2800D1E138 /* Action.cpp in Sources */,
				2184A9E2155C7A2800D1E138 /* ActionList.cpp in Sources */,
				2184A9E3155C7A2800D1E138 /* AllowedValue.cpp in Sources */,
				2184A9E4155C7A2800D1E138 /* AllowedValueList.cpp in Sources */,
				2184A9E5155C7A2800D1E138 /* AllowedValueRange.cpp in Sources */,
				2184A9E6155C7A2800D1E138 /* Argument.cpp in Sources */,
				2184A9E7155C7A2800D1E138 /* ArgumentList.cpp in Sources */,
				2184A9E8155C7A2800D1E138 /* ActionRequest.cpp in Sources */,
				2184A9E9155C7A2800D1E138 /* ActionResponse.cpp in Sources */,
				2184A9EA155C7A2800D1E138 /* ControlRequest.cpp in Sources */,
				2184A9EB155C7A2800D1E138 /* ControlResponse.cpp in Sources */,
				2184A9EC155C7A2800D1E138 /* QueryRequest.cpp in Sources */,
				2184A9ED155C7A2800D1E138 /* QueryResponse.cpp in Sources */,
				2184A9EE155C7A2800D1E138 /* RenewSubscriber.cpp in Sources */,
				2184A9EF155C7A2800D1E138 /* ControlPoint.cpp in Sources */,
				2184A9F0155C7A2800D1E138 /* Advertiser.cpp in Sources */,
				2184A9F1155C7A2800D1E138 /* Disposer.cpp in Sources */,
				2184A9F2155C7A2800D1E138 /* MAN.cpp in Sources */,
				2184A9F3155C7A2800D1E138 /* NT.cpp in Sources */,
				2184A9F4155C7A2800D1E138 /* NTS.cpp in Sources */,
				2184A9F5155C7A2800D1E138 /* ST.cpp in Sources */,
				2184A9F6155C7A2800D1E138 /* USN.cpp in Sources */,
				2184A9F7155C7A2800D1E138 /* Device.cpp in Sources */,
				2184A9F8155C7A2800D1E138 /* DeviceList.cpp in Sources */,
				2184A9F9155C7A2800D1E138 /* NotifyRequest.cpp in Sources */,
				2184A9FA155C7A2800D1E138 /* PropertyList.cpp in Sources */,
				2184A9FB155C7A2800D1E138 /* Subscriber.cpp in Sources */,
				2184A9FC155C7A2800D1E138 /* Subscription.cpp in Sources */,
				2184A9FD155C7A2800D1E138 /* SubscriptionRequest.cpp in Sources */,
				2184A9FE155C7A2800D1E138 /* Icon.cpp in Sources */,
				2184A9FF155C7A2800D1E138 /* IconList.cpp in Sources */,
				2184AA39155C7A2800D1E138 /* Service.cpp in Sources */,
				2184AA3A155C7A2800D1E138 /* ServiceList.cpp in Sources */,
				2184AA3B155C7A2800D1E138 /* ServiceStateTable.cpp in Sources */,
				2184AA3C155C7A2800D1E138 /* HTTPMUSocket.cpp in Sources */,
				2184AA3D155C7A2800D1E138 /* HTTPUSocket.cpp in Sources */,
				2184AA3E155C7A2800D1E138 /* SSDP.cpp in Sources */,
				2184AA3F155C7A2800D1E138 /* SSDPNotifySocket.cpp in Sources */,
				2184AA40155C7A2800D1E138 /* SSDPNotifySocketList.cpp in Sources */,
				2184AA41155C7A2800D1E138 /* SSDPPacket.cpp in Sources */,
				2184AA42155C7A2800D1E138 /* SSDPResponse.cpp in Sources */,
				2184AA43155C7A2800D1E138 /* SSDPSearchResponseSocket.cpp in Sources */,
				2184AA44155C7A2800D1E138 /* SSDPSearchResponseSocketList.cpp in Sources */,
				2184AA45155C7A2800D1E138 /* SSDPSearchSocket.cpp in Sources */,
				2184AA46155C7A2800D1E138 /* SSDPSearchSocketList.cpp in Sources */,
				2184AA47155C7A2800D1E138 /* StateVariable.cpp in Sources */,
				2184AA48155C7A2800D1E138 /* UPnP.cpp in Sources */,
				2184AA49155C7A2800D1E138 /* UPnPStatus.cpp in Sources */,
				2184AA4A155C7A2800D1E138 /* ActionData.cpp in Sources */,
				2184AA4B155C7A2800D1E138 /* DeviceData.cpp in Sources */,
				2184AA4C155C7A2800D1E138 /* ServiceData.cpp in Sources */,
				2184AA4D155C7A2800D1E138 /* StateVariableData.cpp in Sources */,
				2184AA55155C7A2800D1E138 /* AttributeList.cpp in Sources */,
				2184AA56155C7A2800D1E138 /* ExpatParser.cpp in Sources */,
				2184AA57155C7A2800D1E138 /* Libxml2Parser.cpp in Sources */,
				2184AA58155C7A2800D1E138 /* Node.cpp in Sources */,
				2184AA59155C7A2800D1E138 /* NodeList.cpp in Sources */,
				2184AA5A155C7A2800D1E138 /* Parser.cpp in Sources */,
				2184AA5B155C7A2800D1E138 /* XercesParser.cpp in Sources */,
				2184AA5C155C7A2800D1E138 /* XML.cpp in Sources */,
			);
			runOnlyForDeploymentPostprocessing = 0;
		};
/* End PBXSourcesBuildPhase section */

/* Begin XCBuildConfiguration section */
		219C21EF155C7877003ABA46 /* Debug */ = {
			isa = XCBuildConfiguration;
			buildSettings = {
				ALWAYS_SEARCH_USER_PATHS = NO;
				CLANG_ENABLE_OBJC_ARC = YES;
				CLANG_WARN_BOOL_CONVERSION = YES;
				CLANG_WARN_CONSTANT_CONVERSION = YES;
				CLANG_WARN_EMPTY_BODY = YES;
				CLANG_WARN_ENUM_CONVERSION = YES;
				CLANG_WARN_INT_CONVERSION = YES;
				CLANG_WARN__DUPLICATE_METHOD_MATCH = YES;
				COPY_PHASE_STRIP = NO;
				GCC_C_LANGUAGE_STANDARD = gnu99;
				GCC_DYNAMIC_NO_PIC = NO;
				GCC_ENABLE_OBJC_EXCEPTIONS = YES;
				GCC_OPTIMIZATION_LEVEL = 0;
				GCC_PREPROCESSOR_DEFINITIONS = (
					"DEBUG=1",
					"$(inherited)",
				);
				GCC_SYMBOLS_PRIVATE_EXTERN = NO;
				GCC_VERSION = com.apple.compilers.llvm.clang.1_0;
				GCC_WARN_64_TO_32_BIT_CONVERSION = YES;
				GCC_WARN_ABOUT_RETURN_TYPE = YES;
				GCC_WARN_UNDECLARED_SELECTOR = YES;
				GCC_WARN_UNINITIALIZED_AUTOS = YES;
				GCC_WARN_UNUSED_FUNCTION = YES;
				GCC_WARN_UNUSED_VARIABLE = YES;
				HEADER_SEARCH_PATHS = (
					"${SDKROOT}/usr/include/libxml2",
					../../../include/,
					/usr/local/include,
				);
				LIBRARY_SEARCH_PATHS = /usr/local/lib;
				MACOSX_DEPLOYMENT_TARGET = 10.7;
				ONLY_ACTIVE_ARCH = YES;
				OTHER_CFLAGS = "-DUSE_XMLPARSER_LIBXML2";
				SDKROOT = macosx;
			};
			name = Debug;
		};
		219C21F0155C7877003ABA46 /* Release */ = {
			isa = XCBuildConfiguration;
			buildSettings = {
				ALWAYS_SEARCH_USER_PATHS = NO;
				CLANG_ENABLE_OBJC_ARC = YES;
				CLANG_WARN_BOOL_CONVERSION = YES;
				CLANG_WARN_CONSTANT_CONVERSION = YES;
				CLANG_WARN_EMPTY_BODY = YES;
				CLANG_WARN_ENUM_CONVERSION = YES;
				CLANG_WARN_INT_CONVERSION = YES;
				CLANG_WARN__DUPLICATE_METHOD_MATCH = YES;
				COPY_PHASE_STRIP = YES;
				DEBUG_INFORMATION_FORMAT = "dwarf-with-dsym";
				GCC_C_LANGUAGE_STANDARD = gnu99;
				GCC_ENABLE_OBJC_EXCEPTIONS = YES;
				GCC_VERSION = com.apple.compilers.llvm.clang.1_0;
				GCC_WARN_64_TO_32_BIT_CONVERSION = YES;
				GCC_WARN_ABOUT_RETURN_TYPE = YES;
				GCC_WARN_UNDECLARED_SELECTOR = YES;
				GCC_WARN_UNINITIALIZED_AUTOS = YES;
				GCC_WARN_UNUSED_FUNCTION = YES;
				GCC_WARN_UNUSED_VARIABLE = YES;
				HEADER_SEARCH_PATHS = (
					"${SDKROOT}/usr/include/libxml2",
					../../../include/,
					/usr/local/include,
				);
				LIBRARY_SEARCH_PATHS = /usr/local/lib;
				MACOSX_DEPLOYMENT_TARGET = 10.7;
				OTHER_CFLAGS = "-DUSE_XMLPARSER_LIBXML2";
				SDKROOT = macosx;
			};
			name = Release;
		};
		219C21F2155C7877003ABA46 /* Debug */ = {
			isa = XCBuildConfiguration;
			buildSettings = {
				EXECUTABLE_PREFIX = lib;
				PRODUCT_NAME = "$(TARGET_NAME)";
			};
			name = Debug;
		};
		219C21F3155C7877003ABA46 /* Release */ = {
			isa = XCBuildConfiguration;
			buildSettings = {
				EXECUTABLE_PREFIX = lib;
				PRODUCT_NAME = "$(TARGET_NAME)";
			};
			name = Release;
		};
/* End XCBuildConfiguration section */

/* Begin XCConfigurationList section */
		219C21E7155C7877003ABA46 /* Build configuration list for PBXProject "libclink++" */ = {
			isa = XCConfigurationList;
			buildConfigurations = (
				219C21EF155C7877003ABA46 /* Debug */,
				219C21F0155C7877003ABA46 /* Release */,
			);
			defaultConfigurationIsVisible = 0;
			defaultConfigurationName = Release;
		};
		219C21F1155C7877003ABA46 /* Build configuration list for PBXNativeTarget "libclink++" */ = {
			isa = XCConfigurationList;
			buildConfigurations = (
				219C21F2155C7877003ABA46 /* Debug */,
				219C21F3155C7877003ABA46 /* Release */,
			);
			defaultConfigurationIsVisible = 0;
			defaultConfigurationName = Release;
		};
/* End XCConfigurationList section */
	};
	rootObject = 219C21E4155C7877003ABA46 /* Project object */;
}
